// !$*UTF8*$!
{
	archiveVersion = 1;
	classes = {
	};
	objectVersion = 52;
	objects = {

/* Begin PBXBuildFile section */
		D00AFA1626937C9700BAED44 /* SettingsView.swift in Sources */ = {isa = PBXBuildFile; fileRef = D00AFA1426937C9700BAED44 /* SettingsView.swift */; };
		D00AFA1B269383CB00BAED44 /* OCSProtocol.swift in Sources */ = {isa = PBXBuildFile; fileRef = D00AFA1A269383CB00BAED44 /* OCSProtocol.swift */; };
		D00AFA1E2693872800BAED44 /* KeychainStorage.swift in Sources */ = {isa = PBXBuildFile; fileRef = D00AFA1D2693872800BAED44 /* KeychainStorage.swift */; };
		D027487926A9D2A10000FB47 /* AddView.swift in Sources */ = {isa = PBXBuildFile; fileRef = D027487826A9D2A10000FB47 /* AddView.swift */; };
		D029FDC0297797D40099FD95 /* FavIconView.swift in Sources */ = {isa = PBXBuildFile; fileRef = D029FDBF297797D40099FD95 /* FavIconView.swift */; };
		D029FDC22978DF0C0099FD95 /* ItemImageManager.swift in Sources */ = {isa = PBXBuildFile; fileRef = D029FDC12978DF0C0099FD95 /* ItemImageManager.swift */; };
		D02DE6C32754691800533EB0 /* ItemImporter.swift in Sources */ = {isa = PBXBuildFile; fileRef = D02DE6C22754691800533EB0 /* ItemImporter.swift */; };
		D02F44B5265C86BF00A3505B /* CloudNewsApp.swift in Sources */ = {isa = PBXBuildFile; fileRef = D02F449F265C86BE00A3505B /* CloudNewsApp.swift */; };
		D02F44B7265C86BF00A3505B /* ContentView.swift in Sources */ = {isa = PBXBuildFile; fileRef = D02F44A0265C86BE00A3505B /* ContentView.swift */; };
		D02F44BB265C86BF00A3505B /* Assets.xcassets in Resources */ = {isa = PBXBuildFile; fileRef = D02F44A2265C86BF00A3505B /* Assets.xcassets */; };
		D02F44EF265C89F700A3505B /* NewsSessionManager.swift in Sources */ = {isa = PBXBuildFile; fileRef = D02F44C5265C89F700A3505B /* NewsSessionManager.swift */; };
		D02F44F3265C89F700A3505B /* NotificationNames.swift in Sources */ = {isa = PBXBuildFile; fileRef = D02F44D3265C89F700A3505B /* NotificationNames.swift */; };
		D02F44F7265C89F700A3505B /* NewsRouter.swift in Sources */ = {isa = PBXBuildFile; fileRef = D02F44D2265C89F700A3505B /* NewsRouter.swift */; };
		D02F44FF265C8BFD00A3505B /* KeychainAccess in Frameworks */ = {isa = PBXBuildFile; productRef = D02F44FE265C8BFD00A3505B /* KeychainAccess */; };
		D02F4502265C8C1900A3505B /* SwiftSoup in Frameworks */ = {isa = PBXBuildFile; productRef = D02F4501265C8C1900A3505B /* SwiftSoup */; };
		D02F450F265C8CAA00A3505B /* Items.swift in Sources */ = {isa = PBXBuildFile; fileRef = D02F44C7265C89F700A3505B /* Items.swift */; };
		D02F4511265C8CAD00A3505B /* Item.swift in Sources */ = {isa = PBXBuildFile; fileRef = D02F44C8265C89F700A3505B /* Item.swift */; };
		D02F4513265C8CB100A3505B /* Folder.swift in Sources */ = {isa = PBXBuildFile; fileRef = D02F44C9265C89F700A3505B /* Folder.swift */; };
		D02F4515265C8CB500A3505B /* User.swift in Sources */ = {isa = PBXBuildFile; fileRef = D02F44CA265C89F700A3505B /* User.swift */; };
		D02F4517265C8CB900A3505B /* Feeds.swift in Sources */ = {isa = PBXBuildFile; fileRef = D02F44CB265C89F700A3505B /* Feeds.swift */; };
		D02F4519265C8CBE00A3505B /* Protocols.swift in Sources */ = {isa = PBXBuildFile; fileRef = D02F44CC265C89F700A3505B /* Protocols.swift */; };
		D02F451B265C8CC400A3505B /* Avatar.swift in Sources */ = {isa = PBXBuildFile; fileRef = D02F44CD265C89F700A3505B /* Avatar.swift */; };
		D02F451D265C8CC800A3505B /* Status.swift in Sources */ = {isa = PBXBuildFile; fileRef = D02F44CE265C89F700A3505B /* Status.swift */; };
		D02F451F265C8CCC00A3505B /* Feed.swift in Sources */ = {isa = PBXBuildFile; fileRef = D02F44CF265C89F700A3505B /* Feed.swift */; };
		D02F4521265C8CD000A3505B /* Folders.swift in Sources */ = {isa = PBXBuildFile; fileRef = D02F44D0265C89F700A3505B /* Folders.swift */; };
		D02F4523265C8CD800A3505B /* CoreDataExtension.swift in Sources */ = {isa = PBXBuildFile; fileRef = D02F44D7265C89F700A3505B /* CoreDataExtension.swift */; };
		D02F4525265C8CDD00A3505B /* CDItem+CoreDataClass.swift in Sources */ = {isa = PBXBuildFile; fileRef = D02F44D8265C89F700A3505B /* CDItem+CoreDataClass.swift */; };
		D02F4527265C8CE200A3505B /* CDFeed+CoreDataClass.swift in Sources */ = {isa = PBXBuildFile; fileRef = D02F44D9265C89F700A3505B /* CDFeed+CoreDataClass.swift */; };
		D02F4529265C8CE700A3505B /* CDStarred+CoreDataClass.swift in Sources */ = {isa = PBXBuildFile; fileRef = D02F44DA265C89F700A3505B /* CDStarred+CoreDataClass.swift */; };
		D02F452B265C8CEB00A3505B /* NewsData.swift in Sources */ = {isa = PBXBuildFile; fileRef = D02F44DB265C89F700A3505B /* NewsData.swift */; };
		D02F452D265C8CF400A3505B /* CDFeeds+CoreDataClass.swift in Sources */ = {isa = PBXBuildFile; fileRef = D02F44DE265C89F700A3505B /* CDFeeds+CoreDataClass.swift */; };
		D02F452F265C8CF900A3505B /* CDFeeds+CoreDataProperties.swift in Sources */ = {isa = PBXBuildFile; fileRef = D02F44DF265C89F700A3505B /* CDFeeds+CoreDataProperties.swift */; };
		D02F4531265C8CFC00A3505B /* CDStarred+CoreDataProperties.swift in Sources */ = {isa = PBXBuildFile; fileRef = D02F44E0265C89F700A3505B /* CDStarred+CoreDataProperties.swift */; };
		D02F4533265C8D0000A3505B /* CDUnread+CoreDataProperties.swift in Sources */ = {isa = PBXBuildFile; fileRef = D02F44E1265C89F700A3505B /* CDUnread+CoreDataProperties.swift */; };
		D02F4535265C8D0300A3505B /* CDFolder+CoreDataProperties.swift in Sources */ = {isa = PBXBuildFile; fileRef = D02F44E2265C89F700A3505B /* CDFolder+CoreDataProperties.swift */; };
		D02F4537265C8D0800A3505B /* CDUnread+CoreDataClass.swift in Sources */ = {isa = PBXBuildFile; fileRef = D02F44E3265C89F700A3505B /* CDUnread+CoreDataClass.swift */; };
		D02F4539265C8D0C00A3505B /* CDUnstarred+CoreDataProperties.swift in Sources */ = {isa = PBXBuildFile; fileRef = D02F44E4265C89F700A3505B /* CDUnstarred+CoreDataProperties.swift */; };
		D02F453B265C8D0F00A3505B /* CDFeed+CoreDataProperties.swift in Sources */ = {isa = PBXBuildFile; fileRef = D02F44E5265C89F700A3505B /* CDFeed+CoreDataProperties.swift */; };
		D02F453D265C8D1300A3505B /* CDItem+CoreDataProperties.swift in Sources */ = {isa = PBXBuildFile; fileRef = D02F44E6265C89F700A3505B /* CDItem+CoreDataProperties.swift */; };
		D02F453F265C8D1800A3505B /* CDRead+CoreDataProperties.swift in Sources */ = {isa = PBXBuildFile; fileRef = D02F44E7265C89F700A3505B /* CDRead+CoreDataProperties.swift */; };
		D02F4541265C8D1D00A3505B /* CDFolder+CoreDataClass.swift in Sources */ = {isa = PBXBuildFile; fileRef = D02F44E8265C89F700A3505B /* CDFolder+CoreDataClass.swift */; };
		D02F4543265C8D2300A3505B /* CDUnstarred+CoreDataClass.swift in Sources */ = {isa = PBXBuildFile; fileRef = D02F44E9265C89F700A3505B /* CDUnstarred+CoreDataClass.swift */; };
		D02F4545265C8D2800A3505B /* CDRead+CoreDataClass.swift in Sources */ = {isa = PBXBuildFile; fileRef = D02F44EA265C89F700A3505B /* CDRead+CoreDataClass.swift */; };
		D02FA074269E2E7600A77875 /* FeedSettingsView.swift in Sources */ = {isa = PBXBuildFile; fileRef = D02FA073269E2E7600A77875 /* FeedSettingsView.swift */; };
		D035E344287A5C1D00E1FE5E /* HelperViews.swift in Sources */ = {isa = PBXBuildFile; fileRef = D035E343287A5C1D00E1FE5E /* HelperViews.swift */; };
		D045A16026C5F6D4002E553F /* LoginWebView.swift in Sources */ = {isa = PBXBuildFile; fileRef = D045A15F26C5F6D4002E553F /* LoginWebView.swift */; };
		D050B31427B0BE0200442584 /* block-ads.json in Resources */ = {isa = PBXBuildFile; fileRef = D050B31327B0BE0200442584 /* block-ads.json */; };
		D050B31727B0C0C100442584 /* ContentBlocker.swift in Sources */ = {isa = PBXBuildFile; fileRef = D050B31627B0C0C100442584 /* ContentBlocker.swift */; };
		D055435028BEE4EF0023F655 /* FavIconRepository.swift in Sources */ = {isa = PBXBuildFile; fileRef = D055434F28BEE4EF0023F655 /* FavIconRepository.swift */; };
		D064CAEE26E6D0E80053C11F /* Utilities.swift in Sources */ = {isa = PBXBuildFile; fileRef = D064CAED26E6D0E80053C11F /* Utilities.swift */; };
		D06D072D274F01D100325770 /* Node.swift in Sources */ = {isa = PBXBuildFile; fileRef = D06D072C274F01D000325770 /* Node.swift */; };
		D07A043726E2F61F00178EEE /* UserDefault.swift in Sources */ = {isa = PBXBuildFile; fileRef = D07A043626E2F61F00178EEE /* UserDefault.swift */; };
		D07A043A26E58B5B00178EEE /* ArticlesPageView.swift in Sources */ = {isa = PBXBuildFile; fileRef = D07A043926E58B5B00178EEE /* ArticlesPageView.swift */; };
		D0818A802863FC81002264D6 /* MacArticleView.swift in Sources */ = {isa = PBXBuildFile; fileRef = D0728A512816009600B85F72 /* MacArticleView.swift */; };
		D0873FAB29737CE70076DCB1 /* ItemRow.swift in Sources */ = {isa = PBXBuildFile; fileRef = D0873FAA29737CE70076DCB1 /* ItemRow.swift */; };
		D08ED86F2870FA4200A8F585 /* ItemWebView.swift in Sources */ = {isa = PBXBuildFile; fileRef = D08ED86E2870FA4200A8F585 /* ItemWebView.swift */; };
		D08ED871287217E400A8F585 /* ItemWebViewHelper.swift in Sources */ = {isa = PBXBuildFile; fileRef = D08ED870287217E400A8F585 /* ItemWebViewHelper.swift */; };
		D08ED8722873B0BE00A8F585 /* ArticleView.swift in Sources */ = {isa = PBXBuildFile; fileRef = D0B0B2FB267ED1E800A997DB /* ArticleView.swift */; };
		D0A1005927E6B963005D7D70 /* FooterLabel.swift in Sources */ = {isa = PBXBuildFile; fileRef = D0A1005827E6B963005D7D70 /* FooterLabel.swift */; };
		D0B0B2F1267C2B0500A997DB /* SettingKeys.swift in Sources */ = {isa = PBXBuildFile; fileRef = D0B0B2F0267C2B0500A997DB /* SettingKeys.swift */; };
		D0B0B2F3267D7DC000A997DB /* NewsData.xcdatamodeld in Sources */ = {isa = PBXBuildFile; fileRef = D02F44DC265C89F700A3505B /* NewsData.xcdatamodeld */; };
		D0B0B2F6267ED1C600A997DB /* SidebarView.swift in Sources */ = {isa = PBXBuildFile; fileRef = D0B0B2F5267ED1C600A997DB /* SidebarView.swift */; };
		D0B0B2FF267FF86300A997DB /* FeedModel.swift in Sources */ = {isa = PBXBuildFile; fileRef = D0B0B2FE267FF86300A997DB /* FeedModel.swift */; };
		D0B399EC292DC5D600406DF1 /* XButtonStyle.swift in Sources */ = {isa = PBXBuildFile; fileRef = D0B399EB292DC5D600406DF1 /* XButtonStyle.swift */; };
		D0B8A809269928C3002A99A4 /* NodeView.swift in Sources */ = {isa = PBXBuildFile; fileRef = D0B8A808269928C3002A99A4 /* NodeView.swift */; };
		D0C8680028BC4514006DAFF6 /* Kingfisher in Frameworks */ = {isa = PBXBuildFile; productRef = D0C867FF28BC4514006DAFF6 /* Kingfisher */; };
		D0CAB1282935A0FA006DF1BA /* ItemSort.swift in Sources */ = {isa = PBXBuildFile; fileRef = D0CAB1272935A0FA006DF1BA /* ItemSort.swift */; };
		D0CAF5E2270A603000BB9062 /* ItemStorage.swift in Sources */ = {isa = PBXBuildFile; fileRef = D0CAF5E1270A603000BB9062 /* ItemStorage.swift */; };
		D0CAF5EE2713C43800BB9062 /* ItemViews.swift in Sources */ = {isa = PBXBuildFile; fileRef = D0CAF5ED2713C43800BB9062 /* ItemViews.swift */; };
		D0E60F0F276D80D4009CF78F /* BadgeView.swift in Sources */ = {isa = PBXBuildFile; fileRef = D0E60F0E276D80D4009CF78F /* BadgeView.swift */; };
		D0E60F12276E7988009CF78F /* AppDelegate.swift in Sources */ = {isa = PBXBuildFile; fileRef = D0E60F11276E7988009CF78F /* AppDelegate.swift */; };
		D0E60F2A277A81C9009CF78F /* Web.bundle in Resources */ = {isa = PBXBuildFile; fileRef = D0E60F29277A81C9009CF78F /* Web.bundle */; };
		D0E88400290C9DD9001ACB25 /* ServerStatus.swift in Sources */ = {isa = PBXBuildFile; fileRef = D0E883FF290C9DD9001ACB25 /* ServerStatus.swift */; };
		D0E88403290C9E1E001ACB25 /* OpenSSL in Frameworks */ = {isa = PBXBuildFile; productRef = D0E88402290C9E1E001ACB25 /* OpenSSL */; };
		D0E88405290CB7CD001ACB25 /* CertificateView.swift in Sources */ = {isa = PBXBuildFile; fileRef = D0E88404290CB7CD001ACB25 /* CertificateView.swift */; };
		D0EBDB5E269D29D10066A2AD /* WebViewManager.swift in Sources */ = {isa = PBXBuildFile; fileRef = D0EBDB5D269D29D10066A2AD /* WebViewManager.swift */; };
		D0F1B72C2867F13000C51BFF /* SyncTimer.swift in Sources */ = {isa = PBXBuildFile; fileRef = D0F9B04C2856AFDD00D91BF5 /* SyncTimer.swift */; };
		D0F35C0627249B2F004BFC27 /* MailComposeView.swift in Sources */ = {isa = PBXBuildFile; fileRef = D0F35C0527249B2F004BFC27 /* MailComposeView.swift */; };
		D0F5BC0C295A6E7C001E728A /* ArticlesFetchView.swift in Sources */ = {isa = PBXBuildFile; fileRef = D0F5BC0B295A6E7C001E728A /* ArticlesFetchView.swift */; };
		D0F5BC0E295F97F4001E728A /* NodeRepository.swift in Sources */ = {isa = PBXBuildFile; fileRef = D0F5BC0D295F97F4001E728A /* NodeRepository.swift */; };
		D0F5BC10295FAF5E001E728A /* ArticlesFetchViewMac.swift in Sources */ = {isa = PBXBuildFile; fileRef = D0F5BC0F295FAF5E001E728A /* ArticlesFetchViewMac.swift */; };
		D0FEBD5A268AB55600AC0618 /* Colors.xcassets in Resources */ = {isa = PBXBuildFile; fileRef = D0FEBD59268AB55600AC0618 /* Colors.xcassets */; };
		D0FEBD5E268AB57F00AC0618 /* PBHColors.swift in Sources */ = {isa = PBXBuildFile; fileRef = D0FEBD5C268AB57F00AC0618 /* PBHColors.swift */; };
		D0FEBD63268AC83F00AC0618 /* ItemImageFetcher.swift in Sources */ = {isa = PBXBuildFile; fileRef = D0FEBD62268AC83F00AC0618 /* ItemImageFetcher.swift */; };
		D0FEBD66268AC8A000AC0618 /* ArticleWebContent.swift in Sources */ = {isa = PBXBuildFile; fileRef = D0FEBD65268AC89F00AC0618 /* ArticleWebContent.swift */; };
		D0FEBD6C268C09D200AC0618 /* HexColor.swift in Sources */ = {isa = PBXBuildFile; fileRef = D0FEBD6B268C09D200AC0618 /* HexColor.swift */; };
		D0FEBD6F268D529600AC0618 /* ArticleSettingsView.swift in Sources */ = {isa = PBXBuildFile; fileRef = D0FEBD6E268D529600AC0618 /* ArticleSettingsView.swift */; };
/* End PBXBuildFile section */

/* Begin PBXFileReference section */
		D00AFA1426937C9700BAED44 /* SettingsView.swift */ = {isa = PBXFileReference; lastKnownFileType = sourcecode.swift; path = SettingsView.swift; sourceTree = "<group>"; };
		D00AFA1A269383CB00BAED44 /* OCSProtocol.swift */ = {isa = PBXFileReference; lastKnownFileType = sourcecode.swift; path = OCSProtocol.swift; sourceTree = "<group>"; };
		D00AFA1D2693872800BAED44 /* KeychainStorage.swift */ = {isa = PBXFileReference; fileEncoding = 4; lastKnownFileType = sourcecode.swift; path = KeychainStorage.swift; sourceTree = "<group>"; };
		D027487826A9D2A10000FB47 /* AddView.swift */ = {isa = PBXFileReference; lastKnownFileType = sourcecode.swift; path = AddView.swift; sourceTree = "<group>"; };
		D029FDBF297797D40099FD95 /* FavIconView.swift */ = {isa = PBXFileReference; lastKnownFileType = sourcecode.swift; path = FavIconView.swift; sourceTree = "<group>"; };
		D029FDC12978DF0C0099FD95 /* ItemImageManager.swift */ = {isa = PBXFileReference; lastKnownFileType = sourcecode.swift; path = ItemImageManager.swift; sourceTree = "<group>"; };
		D02DE6C22754691800533EB0 /* ItemImporter.swift */ = {isa = PBXFileReference; lastKnownFileType = sourcecode.swift; path = ItemImporter.swift; sourceTree = "<group>"; };
		D02F449F265C86BE00A3505B /* CloudNewsApp.swift */ = {isa = PBXFileReference; lastKnownFileType = sourcecode.swift; path = CloudNewsApp.swift; sourceTree = "<group>"; };
		D02F44A0265C86BE00A3505B /* ContentView.swift */ = {isa = PBXFileReference; lastKnownFileType = sourcecode.swift; path = ContentView.swift; sourceTree = "<group>"; };
		D02F44A2265C86BF00A3505B /* Assets.xcassets */ = {isa = PBXFileReference; lastKnownFileType = folder.assetcatalog; path = Assets.xcassets; sourceTree = "<group>"; };
		D02F44A7265C86BF00A3505B /* CloudNews.app */ = {isa = PBXFileReference; explicitFileType = wrapper.application; includeInIndex = 0; path = CloudNews.app; sourceTree = BUILT_PRODUCTS_DIR; };
		D02F44AA265C86BF00A3505B /* Info.plist */ = {isa = PBXFileReference; lastKnownFileType = text.plist.xml; path = Info.plist; sourceTree = "<group>"; };
		D02F44B1265C86BF00A3505B /* Info.plist */ = {isa = PBXFileReference; lastKnownFileType = text.plist.xml; path = Info.plist; sourceTree = "<group>"; };
		D02F44B2265C86BF00A3505B /* macOS.entitlements */ = {isa = PBXFileReference; lastKnownFileType = text.plist.entitlements; path = macOS.entitlements; sourceTree = "<group>"; };
		D02F44C5265C89F700A3505B /* NewsSessionManager.swift */ = {isa = PBXFileReference; lastKnownFileType = sourcecode.swift; path = NewsSessionManager.swift; sourceTree = "<group>"; };
		D02F44C7265C89F700A3505B /* Items.swift */ = {isa = PBXFileReference; lastKnownFileType = sourcecode.swift; path = Items.swift; sourceTree = "<group>"; };
		D02F44C8265C89F700A3505B /* Item.swift */ = {isa = PBXFileReference; lastKnownFileType = sourcecode.swift; path = Item.swift; sourceTree = "<group>"; };
		D02F44C9265C89F700A3505B /* Folder.swift */ = {isa = PBXFileReference; lastKnownFileType = sourcecode.swift; path = Folder.swift; sourceTree = "<group>"; };
		D02F44CA265C89F700A3505B /* User.swift */ = {isa = PBXFileReference; lastKnownFileType = sourcecode.swift; path = User.swift; sourceTree = "<group>"; };
		D02F44CB265C89F700A3505B /* Feeds.swift */ = {isa = PBXFileReference; lastKnownFileType = sourcecode.swift; path = Feeds.swift; sourceTree = "<group>"; };
		D02F44CC265C89F700A3505B /* Protocols.swift */ = {isa = PBXFileReference; lastKnownFileType = sourcecode.swift; path = Protocols.swift; sourceTree = "<group>"; };
		D02F44CD265C89F700A3505B /* Avatar.swift */ = {isa = PBXFileReference; lastKnownFileType = sourcecode.swift; path = Avatar.swift; sourceTree = "<group>"; };
		D02F44CE265C89F700A3505B /* Status.swift */ = {isa = PBXFileReference; lastKnownFileType = sourcecode.swift; path = Status.swift; sourceTree = "<group>"; };
		D02F44CF265C89F700A3505B /* Feed.swift */ = {isa = PBXFileReference; lastKnownFileType = sourcecode.swift; path = Feed.swift; sourceTree = "<group>"; };
		D02F44D0265C89F700A3505B /* Folders.swift */ = {isa = PBXFileReference; lastKnownFileType = sourcecode.swift; path = Folders.swift; sourceTree = "<group>"; };
		D02F44D2265C89F700A3505B /* NewsRouter.swift */ = {isa = PBXFileReference; lastKnownFileType = sourcecode.swift; path = NewsRouter.swift; sourceTree = "<group>"; };
		D02F44D3265C89F700A3505B /* NotificationNames.swift */ = {isa = PBXFileReference; lastKnownFileType = sourcecode.swift; path = NotificationNames.swift; sourceTree = "<group>"; };
		D02F44D7265C89F700A3505B /* CoreDataExtension.swift */ = {isa = PBXFileReference; lastKnownFileType = sourcecode.swift; path = CoreDataExtension.swift; sourceTree = "<group>"; };
		D02F44D8265C89F700A3505B /* CDItem+CoreDataClass.swift */ = {isa = PBXFileReference; lastKnownFileType = sourcecode.swift; path = "CDItem+CoreDataClass.swift"; sourceTree = "<group>"; };
		D02F44D9265C89F700A3505B /* CDFeed+CoreDataClass.swift */ = {isa = PBXFileReference; lastKnownFileType = sourcecode.swift; path = "CDFeed+CoreDataClass.swift"; sourceTree = "<group>"; };
		D02F44DA265C89F700A3505B /* CDStarred+CoreDataClass.swift */ = {isa = PBXFileReference; lastKnownFileType = sourcecode.swift; path = "CDStarred+CoreDataClass.swift"; sourceTree = "<group>"; };
		D02F44DB265C89F700A3505B /* NewsData.swift */ = {isa = PBXFileReference; lastKnownFileType = sourcecode.swift; path = NewsData.swift; sourceTree = "<group>"; };
		D02F44DD265C89F700A3505B /* NewsData.xcdatamodel */ = {isa = PBXFileReference; lastKnownFileType = wrapper.xcdatamodel; path = NewsData.xcdatamodel; sourceTree = "<group>"; };
		D02F44DE265C89F700A3505B /* CDFeeds+CoreDataClass.swift */ = {isa = PBXFileReference; lastKnownFileType = sourcecode.swift; path = "CDFeeds+CoreDataClass.swift"; sourceTree = "<group>"; };
		D02F44DF265C89F700A3505B /* CDFeeds+CoreDataProperties.swift */ = {isa = PBXFileReference; lastKnownFileType = sourcecode.swift; path = "CDFeeds+CoreDataProperties.swift"; sourceTree = "<group>"; };
		D02F44E0265C89F700A3505B /* CDStarred+CoreDataProperties.swift */ = {isa = PBXFileReference; lastKnownFileType = sourcecode.swift; path = "CDStarred+CoreDataProperties.swift"; sourceTree = "<group>"; };
		D02F44E1265C89F700A3505B /* CDUnread+CoreDataProperties.swift */ = {isa = PBXFileReference; lastKnownFileType = sourcecode.swift; path = "CDUnread+CoreDataProperties.swift"; sourceTree = "<group>"; };
		D02F44E2265C89F700A3505B /* CDFolder+CoreDataProperties.swift */ = {isa = PBXFileReference; lastKnownFileType = sourcecode.swift; path = "CDFolder+CoreDataProperties.swift"; sourceTree = "<group>"; };
		D02F44E3265C89F700A3505B /* CDUnread+CoreDataClass.swift */ = {isa = PBXFileReference; lastKnownFileType = sourcecode.swift; path = "CDUnread+CoreDataClass.swift"; sourceTree = "<group>"; };
		D02F44E4265C89F700A3505B /* CDUnstarred+CoreDataProperties.swift */ = {isa = PBXFileReference; lastKnownFileType = sourcecode.swift; path = "CDUnstarred+CoreDataProperties.swift"; sourceTree = "<group>"; };
		D02F44E5265C89F700A3505B /* CDFeed+CoreDataProperties.swift */ = {isa = PBXFileReference; lastKnownFileType = sourcecode.swift; path = "CDFeed+CoreDataProperties.swift"; sourceTree = "<group>"; };
		D02F44E6265C89F700A3505B /* CDItem+CoreDataProperties.swift */ = {isa = PBXFileReference; lastKnownFileType = sourcecode.swift; path = "CDItem+CoreDataProperties.swift"; sourceTree = "<group>"; };
		D02F44E7265C89F700A3505B /* CDRead+CoreDataProperties.swift */ = {isa = PBXFileReference; lastKnownFileType = sourcecode.swift; path = "CDRead+CoreDataProperties.swift"; sourceTree = "<group>"; };
		D02F44E8265C89F700A3505B /* CDFolder+CoreDataClass.swift */ = {isa = PBXFileReference; lastKnownFileType = sourcecode.swift; path = "CDFolder+CoreDataClass.swift"; sourceTree = "<group>"; };
		D02F44E9265C89F700A3505B /* CDUnstarred+CoreDataClass.swift */ = {isa = PBXFileReference; lastKnownFileType = sourcecode.swift; path = "CDUnstarred+CoreDataClass.swift"; sourceTree = "<group>"; };
		D02F44EA265C89F700A3505B /* CDRead+CoreDataClass.swift */ = {isa = PBXFileReference; lastKnownFileType = sourcecode.swift; path = "CDRead+CoreDataClass.swift"; sourceTree = "<group>"; };
		D02FA073269E2E7600A77875 /* FeedSettingsView.swift */ = {isa = PBXFileReference; lastKnownFileType = sourcecode.swift; path = FeedSettingsView.swift; sourceTree = "<group>"; };
		D035E343287A5C1D00E1FE5E /* HelperViews.swift */ = {isa = PBXFileReference; lastKnownFileType = sourcecode.swift; path = HelperViews.swift; sourceTree = "<group>"; };
		D045A15F26C5F6D4002E553F /* LoginWebView.swift */ = {isa = PBXFileReference; fileEncoding = 4; lastKnownFileType = sourcecode.swift; path = LoginWebView.swift; sourceTree = "<group>"; };
		D050B31327B0BE0200442584 /* block-ads.json */ = {isa = PBXFileReference; fileEncoding = 4; lastKnownFileType = text.json; path = "block-ads.json"; sourceTree = "<group>"; };
		D050B31627B0C0C100442584 /* ContentBlocker.swift */ = {isa = PBXFileReference; lastKnownFileType = sourcecode.swift; path = ContentBlocker.swift; sourceTree = "<group>"; };
		D055434F28BEE4EF0023F655 /* FavIconRepository.swift */ = {isa = PBXFileReference; lastKnownFileType = sourcecode.swift; path = FavIconRepository.swift; sourceTree = "<group>"; };
		D064CAED26E6D0E80053C11F /* Utilities.swift */ = {isa = PBXFileReference; lastKnownFileType = sourcecode.swift; path = Utilities.swift; sourceTree = "<group>"; };
		D06D072C274F01D000325770 /* Node.swift */ = {isa = PBXFileReference; lastKnownFileType = sourcecode.swift; path = Node.swift; sourceTree = "<group>"; };
		D0728A512816009600B85F72 /* MacArticleView.swift */ = {isa = PBXFileReference; lastKnownFileType = sourcecode.swift; path = MacArticleView.swift; sourceTree = "<group>"; };
		D07A043626E2F61F00178EEE /* UserDefault.swift */ = {isa = PBXFileReference; fileEncoding = 4; lastKnownFileType = sourcecode.swift; path = UserDefault.swift; sourceTree = "<group>"; };
		D07A043926E58B5B00178EEE /* ArticlesPageView.swift */ = {isa = PBXFileReference; lastKnownFileType = sourcecode.swift; path = ArticlesPageView.swift; sourceTree = "<group>"; };
		D0873FAA29737CE70076DCB1 /* ItemRow.swift */ = {isa = PBXFileReference; lastKnownFileType = sourcecode.swift; path = ItemRow.swift; sourceTree = "<group>"; };
		D08ED86E2870FA4200A8F585 /* ItemWebView.swift */ = {isa = PBXFileReference; lastKnownFileType = sourcecode.swift; path = ItemWebView.swift; sourceTree = "<group>"; };
		D08ED870287217E400A8F585 /* ItemWebViewHelper.swift */ = {isa = PBXFileReference; lastKnownFileType = sourcecode.swift; path = ItemWebViewHelper.swift; sourceTree = "<group>"; };
		D0A1005827E6B963005D7D70 /* FooterLabel.swift */ = {isa = PBXFileReference; lastKnownFileType = sourcecode.swift; path = FooterLabel.swift; sourceTree = "<group>"; };
		D0B0B2F0267C2B0500A997DB /* SettingKeys.swift */ = {isa = PBXFileReference; lastKnownFileType = sourcecode.swift; path = SettingKeys.swift; sourceTree = "<group>"; };
		D0B0B2F5267ED1C600A997DB /* SidebarView.swift */ = {isa = PBXFileReference; lastKnownFileType = sourcecode.swift; path = SidebarView.swift; sourceTree = "<group>"; };
		D0B0B2FB267ED1E800A997DB /* ArticleView.swift */ = {isa = PBXFileReference; lastKnownFileType = sourcecode.swift; path = ArticleView.swift; sourceTree = "<group>"; };
		D0B0B2FE267FF86300A997DB /* FeedModel.swift */ = {isa = PBXFileReference; lastKnownFileType = sourcecode.swift; path = FeedModel.swift; sourceTree = "<group>"; };
		D0B399EB292DC5D600406DF1 /* XButtonStyle.swift */ = {isa = PBXFileReference; lastKnownFileType = sourcecode.swift; path = XButtonStyle.swift; sourceTree = "<group>"; };
		D0B8A808269928C3002A99A4 /* NodeView.swift */ = {isa = PBXFileReference; lastKnownFileType = sourcecode.swift; path = NodeView.swift; sourceTree = "<group>"; };
		D0CAB1272935A0FA006DF1BA /* ItemSort.swift */ = {isa = PBXFileReference; lastKnownFileType = sourcecode.swift; path = ItemSort.swift; sourceTree = "<group>"; };
		D0CAF5E1270A603000BB9062 /* ItemStorage.swift */ = {isa = PBXFileReference; lastKnownFileType = sourcecode.swift; path = ItemStorage.swift; sourceTree = "<group>"; };
		D0CAF5ED2713C43800BB9062 /* ItemViews.swift */ = {isa = PBXFileReference; fileEncoding = 4; lastKnownFileType = sourcecode.swift; path = ItemViews.swift; sourceTree = "<group>"; };
		D0E60F0E276D80D4009CF78F /* BadgeView.swift */ = {isa = PBXFileReference; lastKnownFileType = sourcecode.swift; path = BadgeView.swift; sourceTree = "<group>"; };
		D0E60F11276E7988009CF78F /* AppDelegate.swift */ = {isa = PBXFileReference; lastKnownFileType = sourcecode.swift; path = AppDelegate.swift; sourceTree = "<group>"; };
		D0E60F29277A81C9009CF78F /* Web.bundle */ = {isa = PBXFileReference; lastKnownFileType = "wrapper.plug-in"; path = Web.bundle; sourceTree = "<group>"; };
		D0E883FF290C9DD9001ACB25 /* ServerStatus.swift */ = {isa = PBXFileReference; lastKnownFileType = sourcecode.swift; path = ServerStatus.swift; sourceTree = "<group>"; };
		D0E88404290CB7CD001ACB25 /* CertificateView.swift */ = {isa = PBXFileReference; lastKnownFileType = sourcecode.swift; path = CertificateView.swift; sourceTree = "<group>"; };
		D0EBDB5D269D29D10066A2AD /* WebViewManager.swift */ = {isa = PBXFileReference; lastKnownFileType = sourcecode.swift; path = WebViewManager.swift; sourceTree = "<group>"; };
		D0F1B72D2868DE7200C51BFF /* CloudNews.entitlements */ = {isa = PBXFileReference; lastKnownFileType = text.plist.entitlements; path = CloudNews.entitlements; sourceTree = "<group>"; };
		D0F35C0527249B2F004BFC27 /* MailComposeView.swift */ = {isa = PBXFileReference; lastKnownFileType = sourcecode.swift; name = MailComposeView.swift; path = Shared/MailComposeView.swift; sourceTree = SOURCE_ROOT; };
		D0F5BC0B295A6E7C001E728A /* ArticlesFetchView.swift */ = {isa = PBXFileReference; fileEncoding = 4; lastKnownFileType = sourcecode.swift; path = ArticlesFetchView.swift; sourceTree = "<group>"; };
		D0F5BC0D295F97F4001E728A /* NodeRepository.swift */ = {isa = PBXFileReference; lastKnownFileType = sourcecode.swift; path = NodeRepository.swift; sourceTree = "<group>"; };
		D0F5BC0F295FAF5E001E728A /* ArticlesFetchViewMac.swift */ = {isa = PBXFileReference; fileEncoding = 4; lastKnownFileType = sourcecode.swift; path = ArticlesFetchViewMac.swift; sourceTree = "<group>"; };
		D0F9B04C2856AFDD00D91BF5 /* SyncTimer.swift */ = {isa = PBXFileReference; lastKnownFileType = sourcecode.swift; path = SyncTimer.swift; sourceTree = "<group>"; };
		D0FEBD59268AB55600AC0618 /* Colors.xcassets */ = {isa = PBXFileReference; lastKnownFileType = folder.assetcatalog; path = Colors.xcassets; sourceTree = "<group>"; };
		D0FEBD5C268AB57F00AC0618 /* PBHColors.swift */ = {isa = PBXFileReference; fileEncoding = 4; lastKnownFileType = sourcecode.swift; path = PBHColors.swift; sourceTree = "<group>"; };
		D0FEBD62268AC83F00AC0618 /* ItemImageFetcher.swift */ = {isa = PBXFileReference; fileEncoding = 4; lastKnownFileType = sourcecode.swift; path = ItemImageFetcher.swift; sourceTree = "<group>"; };
		D0FEBD65268AC89F00AC0618 /* ArticleWebContent.swift */ = {isa = PBXFileReference; fileEncoding = 4; lastKnownFileType = sourcecode.swift; path = ArticleWebContent.swift; sourceTree = "<group>"; };
		D0FEBD6B268C09D200AC0618 /* HexColor.swift */ = {isa = PBXFileReference; lastKnownFileType = sourcecode.swift; path = HexColor.swift; sourceTree = "<group>"; };
		D0FEBD6E268D529600AC0618 /* ArticleSettingsView.swift */ = {isa = PBXFileReference; lastKnownFileType = sourcecode.swift; path = ArticleSettingsView.swift; sourceTree = "<group>"; };
/* End PBXFileReference section */

/* Begin PBXFrameworksBuildPhase section */
		D02F44A4265C86BF00A3505B /* Frameworks */ = {
			isa = PBXFrameworksBuildPhase;
			buildActionMask = 2147483647;
			files = (
				D0C8680028BC4514006DAFF6 /* Kingfisher in Frameworks */,
				D02F44FF265C8BFD00A3505B /* KeychainAccess in Frameworks */,
				D02F4502265C8C1900A3505B /* SwiftSoup in Frameworks */,
				D0E88403290C9E1E001ACB25 /* OpenSSL in Frameworks */,
			);
			runOnlyForDeploymentPostprocessing = 0;
		};
/* End PBXFrameworksBuildPhase section */

/* Begin PBXGroup section */
		D02F4497265C86BE00A3505B = {
			isa = PBXGroup;
			children = (
				D0F1B72D2868DE7200C51BFF /* CloudNews.entitlements */,
				D02F449C265C86BE00A3505B /* Shared */,
				D02F44A9265C86BF00A3505B /* iOS */,
				D02F44B0265C86BF00A3505B /* macOS */,
				D02F44A8265C86BF00A3505B /* Products */,
				D02F4506265C8C5500A3505B /* Frameworks */,
			);
			sourceTree = "<group>";
		};
		D02F449C265C86BE00A3505B /* Shared */ = {
			isa = PBXGroup;
			children = (
				D02F44D6265C89F700A3505B /* CoreData */,
				D02F44C6265C89F700A3505B /* Models */,
				D0B0B2EF267C2A4D00A997DB /* Networking */,
				D0B0B2FE267FF86300A997DB /* FeedModel.swift */,
				D0F9B04C2856AFDD00D91BF5 /* SyncTimer.swift */,
				D06D072C274F01D000325770 /* Node.swift */,
				D0F5BC0D295F97F4001E728A /* NodeRepository.swift */,
				D0B0B2F0267C2B0500A997DB /* SettingKeys.swift */,
				D00AFA1D2693872800BAED44 /* KeychainStorage.swift */,
				D07A043626E2F61F00178EEE /* UserDefault.swift */,
				D02F44D3265C89F700A3505B /* NotificationNames.swift */,
				D02F449F265C86BE00A3505B /* CloudNewsApp.swift */,
				D0E60F11276E7988009CF78F /* AppDelegate.swift */,
				D02F44A0265C86BE00A3505B /* ContentView.swift */,
				D0F5BC0B295A6E7C001E728A /* ArticlesFetchView.swift */,
				D0F5BC0F295FAF5E001E728A /* ArticlesFetchViewMac.swift */,
				D0B0B2F5267ED1C600A997DB /* SidebarView.swift */,
				D0B8A808269928C3002A99A4 /* NodeView.swift */,
				D0E60F0E276D80D4009CF78F /* BadgeView.swift */,
				D029FDBF297797D40099FD95 /* FavIconView.swift */,
				D0A1005827E6B963005D7D70 /* FooterLabel.swift */,
				D027487826A9D2A10000FB47 /* AddView.swift */,
				D035E343287A5C1D00E1FE5E /* HelperViews.swift */,
				D0CAB1272935A0FA006DF1BA /* ItemSort.swift */,
				D0CAF5ED2713C43800BB9062 /* ItemViews.swift */,
				D0873FAA29737CE70076DCB1 /* ItemRow.swift */,
				D0FEBD62268AC83F00AC0618 /* ItemImageFetcher.swift */,
				D055434F28BEE4EF0023F655 /* FavIconRepository.swift */,
				D029FDC12978DF0C0099FD95 /* ItemImageManager.swift */,
				D07A043926E58B5B00178EEE /* ArticlesPageView.swift */,
				D0728A512816009600B85F72 /* MacArticleView.swift */,
				D0B0B2FB267ED1E800A997DB /* ArticleView.swift */,
				D08ED86E2870FA4200A8F585 /* ItemWebView.swift */,
				D08ED870287217E400A8F585 /* ItemWebViewHelper.swift */,
				D0FEBD65268AC89F00AC0618 /* ArticleWebContent.swift */,
				D050B31627B0C0C100442584 /* ContentBlocker.swift */,
				D02FA073269E2E7600A77875 /* FeedSettingsView.swift */,
				D0EBDB5D269D29D10066A2AD /* WebViewManager.swift */,
				D0FEBD6E268D529600AC0618 /* ArticleSettingsView.swift */,
				D045A15F26C5F6D4002E553F /* LoginWebView.swift */,
				D00AFA1426937C9700BAED44 /* SettingsView.swift */,
				D0E88404290CB7CD001ACB25 /* CertificateView.swift */,
				D0B399EB292DC5D600406DF1 /* XButtonStyle.swift */,
				D0FEBD5C268AB57F00AC0618 /* PBHColors.swift */,
				D0FEBD6B268C09D200AC0618 /* HexColor.swift */,
				D064CAED26E6D0E80053C11F /* Utilities.swift */,
				D050B31327B0BE0200442584 /* block-ads.json */,
				D0E60F29277A81C9009CF78F /* Web.bundle */,
				D02F44A2265C86BF00A3505B /* Assets.xcassets */,
				D0FEBD59268AB55600AC0618 /* Colors.xcassets */,
			);
			path = Shared;
			sourceTree = "<group>";
		};
		D02F44A8265C86BF00A3505B /* Products */ = {
			isa = PBXGroup;
			children = (
				D02F44A7265C86BF00A3505B /* CloudNews.app */,
			);
			name = Products;
			sourceTree = "<group>";
		};
		D02F44A9265C86BF00A3505B /* iOS */ = {
			isa = PBXGroup;
			children = (
				D0F35C0527249B2F004BFC27 /* MailComposeView.swift */,
				D02F44AA265C86BF00A3505B /* Info.plist */,
			);
			path = iOS;
			sourceTree = "<group>";
		};
		D02F44B0265C86BF00A3505B /* macOS */ = {
			isa = PBXGroup;
			children = (
				D02F44B1265C86BF00A3505B /* Info.plist */,
				D02F44B2265C86BF00A3505B /* macOS.entitlements */,
			);
			path = macOS;
			sourceTree = "<group>";
		};
		D02F44C6265C89F700A3505B /* Models */ = {
			isa = PBXGroup;
			children = (
				D00AFA1A269383CB00BAED44 /* OCSProtocol.swift */,
				D02F44C7265C89F700A3505B /* Items.swift */,
				D02F44C8265C89F700A3505B /* Item.swift */,
				D0CAF5E1270A603000BB9062 /* ItemStorage.swift */,
				D02F44C9265C89F700A3505B /* Folder.swift */,
				D02F44CA265C89F700A3505B /* User.swift */,
				D02F44CB265C89F700A3505B /* Feeds.swift */,
				D02F44CC265C89F700A3505B /* Protocols.swift */,
				D02F44CD265C89F700A3505B /* Avatar.swift */,
				D02F44CE265C89F700A3505B /* Status.swift */,
				D02F44CF265C89F700A3505B /* Feed.swift */,
				D02F44D0265C89F700A3505B /* Folders.swift */,
			);
			path = Models;
			sourceTree = "<group>";
		};
		D02F44D6265C89F700A3505B /* CoreData */ = {
			isa = PBXGroup;
			children = (
				D02F44DB265C89F700A3505B /* NewsData.swift */,
				D02F44DC265C89F700A3505B /* NewsData.xcdatamodeld */,
				D02F44D7265C89F700A3505B /* CoreDataExtension.swift */,
				D02F44DE265C89F700A3505B /* CDFeeds+CoreDataClass.swift */,
				D02F44D9265C89F700A3505B /* CDFeed+CoreDataClass.swift */,
				D02F44E8265C89F700A3505B /* CDFolder+CoreDataClass.swift */,
				D02F44D8265C89F700A3505B /* CDItem+CoreDataClass.swift */,
				D02F44E9265C89F700A3505B /* CDUnstarred+CoreDataClass.swift */,
				D02F44DA265C89F700A3505B /* CDStarred+CoreDataClass.swift */,
				D02F44EA265C89F700A3505B /* CDRead+CoreDataClass.swift */,
				D02F44E3265C89F700A3505B /* CDUnread+CoreDataClass.swift */,
				D02F44DF265C89F700A3505B /* CDFeeds+CoreDataProperties.swift */,
				D02F44E5265C89F700A3505B /* CDFeed+CoreDataProperties.swift */,
				D02F44E2265C89F700A3505B /* CDFolder+CoreDataProperties.swift */,
				D02F44E6265C89F700A3505B /* CDItem+CoreDataProperties.swift */,
				D02F44E4265C89F700A3505B /* CDUnstarred+CoreDataProperties.swift */,
				D02F44E0265C89F700A3505B /* CDStarred+CoreDataProperties.swift */,
				D02F44E1265C89F700A3505B /* CDUnread+CoreDataProperties.swift */,
				D02F44E7265C89F700A3505B /* CDRead+CoreDataProperties.swift */,
			);
			path = CoreData;
			sourceTree = "<group>";
		};
		D02F4506265C8C5500A3505B /* Frameworks */ = {
			isa = PBXGroup;
			children = (
			);
			name = Frameworks;
			sourceTree = "<group>";
		};
		D0B0B2EF267C2A4D00A997DB /* Networking */ = {
			isa = PBXGroup;
			children = (
				D02F44D2265C89F700A3505B /* NewsRouter.swift */,
				D02F44C5265C89F700A3505B /* NewsSessionManager.swift */,
				D02DE6C22754691800533EB0 /* ItemImporter.swift */,
				D0E883FF290C9DD9001ACB25 /* ServerStatus.swift */,
			);
			path = Networking;
			sourceTree = "<group>";
		};
/* End PBXGroup section */

/* Begin PBXNativeTarget section */
		D02F44A6265C86BF00A3505B /* CloudNews */ = {
			isa = PBXNativeTarget;
			buildConfigurationList = D02F44BF265C86BF00A3505B /* Build configuration list for PBXNativeTarget "CloudNews" */;
			buildPhases = (
				D02F44A3265C86BF00A3505B /* Sources */,
				D02F44A4265C86BF00A3505B /* Frameworks */,
				D02F44A5265C86BF00A3505B /* Resources */,
			);
			buildRules = (
			);
			dependencies = (
			);
			name = CloudNews;
			packageProductDependencies = (
				D02F44FE265C8BFD00A3505B /* KeychainAccess */,
				D02F4501265C8C1900A3505B /* SwiftSoup */,
				D0C867FF28BC4514006DAFF6 /* Kingfisher */,
				D0E88402290C9E1E001ACB25 /* OpenSSL */,
			);
			productName = "CloudNews (iOS)";
			productReference = D02F44A7265C86BF00A3505B /* CloudNews.app */;
			productType = "com.apple.product-type.application";
		};
/* End PBXNativeTarget section */

/* Begin PBXProject section */
		D02F4498265C86BE00A3505B /* Project object */ = {
			isa = PBXProject;
			attributes = {
				LastSwiftUpdateCheck = 1250;
				LastUpgradeCheck = 1400;
				TargetAttributes = {
					D02F44A6265C86BF00A3505B = {
						CreatedOnToolsVersion = 12.5;
					};
				};
			};
			buildConfigurationList = D02F449B265C86BE00A3505B /* Build configuration list for PBXProject "CloudNews" */;
			compatibilityVersion = "Xcode 9.3";
			developmentRegion = en;
			hasScannedForEncodings = 0;
			knownRegions = (
				en,
				Base,
			);
			mainGroup = D02F4497265C86BE00A3505B;
			packageReferences = (
				D02F44FD265C8BFD00A3505B /* XCRemoteSwiftPackageReference "KeychainAccess" */,
				D02F4500265C8C1900A3505B /* XCRemoteSwiftPackageReference "SwiftSoup" */,
				D0C867FE28BC4514006DAFF6 /* XCRemoteSwiftPackageReference "Kingfisher" */,
				D0E88401290C9E1E001ACB25 /* XCRemoteSwiftPackageReference "OpenSSL" */,
			);
			productRefGroup = D02F44A8265C86BF00A3505B /* Products */;
			projectDirPath = "";
			projectRoot = "";
			targets = (
				D02F44A6265C86BF00A3505B /* CloudNews */,
			);
		};
/* End PBXProject section */

/* Begin PBXResourcesBuildPhase section */
		D02F44A5265C86BF00A3505B /* Resources */ = {
			isa = PBXResourcesBuildPhase;
			buildActionMask = 2147483647;
			files = (
				D050B31427B0BE0200442584 /* block-ads.json in Resources */,
				D0E60F2A277A81C9009CF78F /* Web.bundle in Resources */,
				D02F44BB265C86BF00A3505B /* Assets.xcassets in Resources */,
				D0FEBD5A268AB55600AC0618 /* Colors.xcassets in Resources */,
			);
			runOnlyForDeploymentPostprocessing = 0;
		};
/* End PBXResourcesBuildPhase section */

/* Begin PBXSourcesBuildPhase section */
		D02F44A3265C86BF00A3505B /* Sources */ = {
			isa = PBXSourcesBuildPhase;
			buildActionMask = 2147483647;
			files = (
				D00AFA1B269383CB00BAED44 /* OCSProtocol.swift in Sources */,
				D0F5BC0C295A6E7C001E728A /* ArticlesFetchView.swift in Sources */,
				D02F44B5265C86BF00A3505B /* CloudNewsApp.swift in Sources */,
				D02F4537265C8D0800A3505B /* CDUnread+CoreDataClass.swift in Sources */,
				D0FEBD5E268AB57F00AC0618 /* PBHColors.swift in Sources */,
				D02F453B265C8D0F00A3505B /* CDFeed+CoreDataProperties.swift in Sources */,
				D02F451F265C8CCC00A3505B /* Feed.swift in Sources */,
				D0F1B72C2867F13000C51BFF /* SyncTimer.swift in Sources */,
				D02F4523265C8CD800A3505B /* CoreDataExtension.swift in Sources */,
				D050B31727B0C0C100442584 /* ContentBlocker.swift in Sources */,
				D0FEBD6C268C09D200AC0618 /* HexColor.swift in Sources */,
				D02F4539265C8D0C00A3505B /* CDUnstarred+CoreDataProperties.swift in Sources */,
				D02F44EF265C89F700A3505B /* NewsSessionManager.swift in Sources */,
				D02F44F7265C89F700A3505B /* NewsRouter.swift in Sources */,
				D0E88405290CB7CD001ACB25 /* CertificateView.swift in Sources */,
				D0873FAB29737CE70076DCB1 /* ItemRow.swift in Sources */,
				D02F450F265C8CAA00A3505B /* Items.swift in Sources */,
				D08ED8722873B0BE00A8F585 /* ArticleView.swift in Sources */,
				D027487926A9D2A10000FB47 /* AddView.swift in Sources */,
				D00AFA1626937C9700BAED44 /* SettingsView.swift in Sources */,
				D02F4533265C8D0000A3505B /* CDUnread+CoreDataProperties.swift in Sources */,
				D0B0B2F6267ED1C600A997DB /* SidebarView.swift in Sources */,
				D06D072D274F01D100325770 /* Node.swift in Sources */,
				D0FEBD63268AC83F00AC0618 /* ItemImageFetcher.swift in Sources */,
				D0EBDB5E269D29D10066A2AD /* WebViewManager.swift in Sources */,
				D02F4511265C8CAD00A3505B /* Item.swift in Sources */,
				D0B399EC292DC5D600406DF1 /* XButtonStyle.swift in Sources */,
				D0F35C0627249B2F004BFC27 /* MailComposeView.swift in Sources */,
				D08ED871287217E400A8F585 /* ItemWebViewHelper.swift in Sources */,
				D035E344287A5C1D00E1FE5E /* HelperViews.swift in Sources */,
				D02F452B265C8CEB00A3505B /* NewsData.swift in Sources */,
				D08ED86F2870FA4200A8F585 /* ItemWebView.swift in Sources */,
				D0FEBD6F268D529600AC0618 /* ArticleSettingsView.swift in Sources */,
				D02F4515265C8CB500A3505B /* User.swift in Sources */,
				D029FDC22978DF0C0099FD95 /* ItemImageManager.swift in Sources */,
				D02F452F265C8CF900A3505B /* CDFeeds+CoreDataProperties.swift in Sources */,
				D00AFA1E2693872800BAED44 /* KeychainStorage.swift in Sources */,
				D02F4527265C8CE200A3505B /* CDFeed+CoreDataClass.swift in Sources */,
				D0E88400290C9DD9001ACB25 /* ServerStatus.swift in Sources */,
				D02F452D265C8CF400A3505B /* CDFeeds+CoreDataClass.swift in Sources */,
				D02F4545265C8D2800A3505B /* CDRead+CoreDataClass.swift in Sources */,
				D02F453F265C8D1800A3505B /* CDRead+CoreDataProperties.swift in Sources */,
				D0FEBD66268AC8A000AC0618 /* ArticleWebContent.swift in Sources */,
				D02F44F3265C89F700A3505B /* NotificationNames.swift in Sources */,
				D0B8A809269928C3002A99A4 /* NodeView.swift in Sources */,
				D0F5BC10295FAF5E001E728A /* ArticlesFetchViewMac.swift in Sources */,
				D064CAEE26E6D0E80053C11F /* Utilities.swift in Sources */,
				D02F4525265C8CDD00A3505B /* CDItem+CoreDataClass.swift in Sources */,
				D02F451B265C8CC400A3505B /* Avatar.swift in Sources */,
				D02F4529265C8CE700A3505B /* CDStarred+CoreDataClass.swift in Sources */,
				D0818A802863FC81002264D6 /* MacArticleView.swift in Sources */,
				D07A043726E2F61F00178EEE /* UserDefault.swift in Sources */,
				D0B0B2F1267C2B0500A997DB /* SettingKeys.swift in Sources */,
				D0B0B2F3267D7DC000A997DB /* NewsData.xcdatamodeld in Sources */,
				D029FDC0297797D40099FD95 /* FavIconView.swift in Sources */,
				D0E60F12276E7988009CF78F /* AppDelegate.swift in Sources */,
				D045A16026C5F6D4002E553F /* LoginWebView.swift in Sources */,
				D02F4517265C8CB900A3505B /* Feeds.swift in Sources */,
				D0A1005927E6B963005D7D70 /* FooterLabel.swift in Sources */,
				D02DE6C32754691800533EB0 /* ItemImporter.swift in Sources */,
				D0B0B2FF267FF86300A997DB /* FeedModel.swift in Sources */,
				D0F5BC0E295F97F4001E728A /* NodeRepository.swift in Sources */,
				D0E60F0F276D80D4009CF78F /* BadgeView.swift in Sources */,
				D07A043A26E58B5B00178EEE /* ArticlesPageView.swift in Sources */,
				D055435028BEE4EF0023F655 /* FavIconRepository.swift in Sources */,
				D02F4521265C8CD000A3505B /* Folders.swift in Sources */,
				D02F4541265C8D1D00A3505B /* CDFolder+CoreDataClass.swift in Sources */,
				D02F44B7265C86BF00A3505B /* ContentView.swift in Sources */,
				D02F4519265C8CBE00A3505B /* Protocols.swift in Sources */,
				D02FA074269E2E7600A77875 /* FeedSettingsView.swift in Sources */,
				D02F4535265C8D0300A3505B /* CDFolder+CoreDataProperties.swift in Sources */,
				D0CAB1282935A0FA006DF1BA /* ItemSort.swift in Sources */,
				D02F4531265C8CFC00A3505B /* CDStarred+CoreDataProperties.swift in Sources */,
				D02F451D265C8CC800A3505B /* Status.swift in Sources */,
				D0CAF5EE2713C43800BB9062 /* ItemViews.swift in Sources */,
				D02F4543265C8D2300A3505B /* CDUnstarred+CoreDataClass.swift in Sources */,
				D0CAF5E2270A603000BB9062 /* ItemStorage.swift in Sources */,
				D02F453D265C8D1300A3505B /* CDItem+CoreDataProperties.swift in Sources */,
				D02F4513265C8CB100A3505B /* Folder.swift in Sources */,
			);
			runOnlyForDeploymentPostprocessing = 0;
		};
/* End PBXSourcesBuildPhase section */

/* Begin XCBuildConfiguration section */
		D02F44BD265C86BF00A3505B /* Debug */ = {
			isa = XCBuildConfiguration;
			buildSettings = {
				ALWAYS_SEARCH_USER_PATHS = NO;
				CLANG_ANALYZER_NONNULL = YES;
				CLANG_ANALYZER_NUMBER_OBJECT_CONVERSION = YES_AGGRESSIVE;
				CLANG_CXX_LANGUAGE_STANDARD = "gnu++14";
				CLANG_CXX_LIBRARY = "libc++";
				CLANG_ENABLE_MODULES = YES;
				CLANG_ENABLE_OBJC_ARC = YES;
				CLANG_ENABLE_OBJC_WEAK = YES;
				CLANG_WARN_BLOCK_CAPTURE_AUTORELEASING = YES;
				CLANG_WARN_BOOL_CONVERSION = YES;
				CLANG_WARN_COMMA = YES;
				CLANG_WARN_CONSTANT_CONVERSION = YES;
				CLANG_WARN_DEPRECATED_OBJC_IMPLEMENTATIONS = YES;
				CLANG_WARN_DIRECT_OBJC_ISA_USAGE = YES_ERROR;
				CLANG_WARN_DOCUMENTATION_COMMENTS = YES;
				CLANG_WARN_EMPTY_BODY = YES;
				CLANG_WARN_ENUM_CONVERSION = YES;
				CLANG_WARN_INFINITE_RECURSION = YES;
				CLANG_WARN_INT_CONVERSION = YES;
				CLANG_WARN_NON_LITERAL_NULL_CONVERSION = YES;
				CLANG_WARN_OBJC_IMPLICIT_RETAIN_SELF = YES;
				CLANG_WARN_OBJC_LITERAL_CONVERSION = YES;
				CLANG_WARN_OBJC_ROOT_CLASS = YES_ERROR;
				CLANG_WARN_QUOTED_INCLUDE_IN_FRAMEWORK_HEADER = YES;
				CLANG_WARN_RANGE_LOOP_ANALYSIS = YES;
				CLANG_WARN_STRICT_PROTOTYPES = YES;
				CLANG_WARN_SUSPICIOUS_MOVE = YES;
				CLANG_WARN_UNGUARDED_AVAILABILITY = YES_AGGRESSIVE;
				CLANG_WARN_UNREACHABLE_CODE = YES;
				CLANG_WARN__DUPLICATE_METHOD_MATCH = YES;
				COPY_PHASE_STRIP = NO;
				DEAD_CODE_STRIPPING = YES;
				DEBUG_INFORMATION_FORMAT = dwarf;
				ENABLE_STRICT_OBJC_MSGSEND = YES;
				ENABLE_TESTABILITY = YES;
				GCC_C_LANGUAGE_STANDARD = gnu11;
				GCC_DYNAMIC_NO_PIC = NO;
				GCC_NO_COMMON_BLOCKS = YES;
				GCC_OPTIMIZATION_LEVEL = 0;
				GCC_PREPROCESSOR_DEFINITIONS = (
					"DEBUG=1",
					"$(inherited)",
				);
				GCC_WARN_64_TO_32_BIT_CONVERSION = YES;
				GCC_WARN_ABOUT_RETURN_TYPE = YES_ERROR;
				GCC_WARN_UNDECLARED_SELECTOR = YES;
				GCC_WARN_UNINITIALIZED_AUTOS = YES_AGGRESSIVE;
				GCC_WARN_UNUSED_FUNCTION = YES;
				GCC_WARN_UNUSED_VARIABLE = YES;
				IPHONEOS_DEPLOYMENT_TARGET = 16.0;
				MACOSX_DEPLOYMENT_TARGET = 13.0;
				MTL_ENABLE_DEBUG_INFO = INCLUDE_SOURCE;
				MTL_FAST_MATH = YES;
				ONLY_ACTIVE_ARCH = YES;
				SUPPORTED_PLATFORMS = "iphonesimulator iphoneos";
				SWIFT_ACTIVE_COMPILATION_CONDITIONS = DEBUG;
				SWIFT_OPTIMIZATION_LEVEL = "-Onone";
			};
			name = Debug;
		};
		D02F44BE265C86BF00A3505B /* Release */ = {
			isa = XCBuildConfiguration;
			buildSettings = {
				ALWAYS_SEARCH_USER_PATHS = NO;
				CLANG_ANALYZER_NONNULL = YES;
				CLANG_ANALYZER_NUMBER_OBJECT_CONVERSION = YES_AGGRESSIVE;
				CLANG_CXX_LANGUAGE_STANDARD = "gnu++14";
				CLANG_CXX_LIBRARY = "libc++";
				CLANG_ENABLE_MODULES = YES;
				CLANG_ENABLE_OBJC_ARC = YES;
				CLANG_ENABLE_OBJC_WEAK = YES;
				CLANG_WARN_BLOCK_CAPTURE_AUTORELEASING = YES;
				CLANG_WARN_BOOL_CONVERSION = YES;
				CLANG_WARN_COMMA = YES;
				CLANG_WARN_CONSTANT_CONVERSION = YES;
				CLANG_WARN_DEPRECATED_OBJC_IMPLEMENTATIONS = YES;
				CLANG_WARN_DIRECT_OBJC_ISA_USAGE = YES_ERROR;
				CLANG_WARN_DOCUMENTATION_COMMENTS = YES;
				CLANG_WARN_EMPTY_BODY = YES;
				CLANG_WARN_ENUM_CONVERSION = YES;
				CLANG_WARN_INFINITE_RECURSION = YES;
				CLANG_WARN_INT_CONVERSION = YES;
				CLANG_WARN_NON_LITERAL_NULL_CONVERSION = YES;
				CLANG_WARN_OBJC_IMPLICIT_RETAIN_SELF = YES;
				CLANG_WARN_OBJC_LITERAL_CONVERSION = YES;
				CLANG_WARN_OBJC_ROOT_CLASS = YES_ERROR;
				CLANG_WARN_QUOTED_INCLUDE_IN_FRAMEWORK_HEADER = YES;
				CLANG_WARN_RANGE_LOOP_ANALYSIS = YES;
				CLANG_WARN_STRICT_PROTOTYPES = YES;
				CLANG_WARN_SUSPICIOUS_MOVE = YES;
				CLANG_WARN_UNGUARDED_AVAILABILITY = YES_AGGRESSIVE;
				CLANG_WARN_UNREACHABLE_CODE = YES;
				CLANG_WARN__DUPLICATE_METHOD_MATCH = YES;
				COPY_PHASE_STRIP = NO;
				DEAD_CODE_STRIPPING = YES;
				DEBUG_INFORMATION_FORMAT = "dwarf-with-dsym";
				ENABLE_NS_ASSERTIONS = NO;
				ENABLE_STRICT_OBJC_MSGSEND = YES;
				GCC_C_LANGUAGE_STANDARD = gnu11;
				GCC_NO_COMMON_BLOCKS = YES;
				GCC_WARN_64_TO_32_BIT_CONVERSION = YES;
				GCC_WARN_ABOUT_RETURN_TYPE = YES_ERROR;
				GCC_WARN_UNDECLARED_SELECTOR = YES;
				GCC_WARN_UNINITIALIZED_AUTOS = YES_AGGRESSIVE;
				GCC_WARN_UNUSED_FUNCTION = YES;
				GCC_WARN_UNUSED_VARIABLE = YES;
				IPHONEOS_DEPLOYMENT_TARGET = 16.0;
				MACOSX_DEPLOYMENT_TARGET = 13.0;
				MTL_ENABLE_DEBUG_INFO = NO;
				MTL_FAST_MATH = YES;
				SUPPORTED_PLATFORMS = "iphonesimulator iphoneos";
				SWIFT_COMPILATION_MODE = wholemodule;
				SWIFT_OPTIMIZATION_LEVEL = "-O";
			};
			name = Release;
		};
		D02F44C0265C86BF00A3505B /* Debug */ = {
			isa = XCBuildConfiguration;
			buildSettings = {
				ASSETCATALOG_COMPILER_APPICON_NAME = AppIcon;
				ASSETCATALOG_COMPILER_GLOBAL_ACCENT_COLOR_NAME = AccentColor;
				CODE_SIGN_ENTITLEMENTS = CloudNews.entitlements;
				CODE_SIGN_IDENTITY = "Apple Development";
				CODE_SIGN_STYLE = Automatic;
				CURRENT_PROJECT_VERSION = 1761;
				DEVELOPMENT_TEAM = 73AQJ77PZ5;
				ENABLE_PREVIEWS = YES;
				INFOPLIST_FILE = iOS/Info.plist;
				INFOPLIST_KEY_LSApplicationCategoryType = "public.app-category.news";
				IPHONEOS_DEPLOYMENT_TARGET = 16.0;
				LD_RUNPATH_SEARCH_PATHS = (
					"$(inherited)",
					"@executable_path/Frameworks",
				);
				MARKETING_VERSION = 4.0.0;
				PRODUCT_BUNDLE_IDENTIFIER = com.peterandlinda.iOCNews;
				PRODUCT_NAME = CloudNews;
				PROVISIONING_PROFILE_SPECIFIER = "";
				SDKROOT = iphoneos;
				SUPPORTED_PLATFORMS = "iphoneos iphonesimulator macosx";
				SUPPORTS_MACCATALYST = NO;
				SUPPORTS_MAC_DESIGNED_FOR_IPHONE_IPAD = NO;
				SWIFT_VERSION = 5.0;
				TARGETED_DEVICE_FAMILY = "1,2";
			};
			name = Debug;
		};
		D02F44C1265C86BF00A3505B /* Release */ = {
			isa = XCBuildConfiguration;
			buildSettings = {
				ASSETCATALOG_COMPILER_APPICON_NAME = AppIcon;
				ASSETCATALOG_COMPILER_GLOBAL_ACCENT_COLOR_NAME = AccentColor;
				CODE_SIGN_ENTITLEMENTS = CloudNews.entitlements;
				CODE_SIGN_IDENTITY = "Apple Development";
				CODE_SIGN_STYLE = Automatic;
				CURRENT_PROJECT_VERSION = 1761;
				DEVELOPMENT_TEAM = 73AQJ77PZ5;
				ENABLE_PREVIEWS = YES;
				INFOPLIST_FILE = iOS/Info.plist;
				INFOPLIST_KEY_LSApplicationCategoryType = "public.app-category.news";
				IPHONEOS_DEPLOYMENT_TARGET = 16.0;
				LD_RUNPATH_SEARCH_PATHS = (
					"$(inherited)",
					"@executable_path/Frameworks",
				);
				MARKETING_VERSION = 4.0.0;
				PRODUCT_BUNDLE_IDENTIFIER = com.peterandlinda.iOCNews;
				PRODUCT_NAME = CloudNews;
				PROVISIONING_PROFILE_SPECIFIER = "";
				SDKROOT = iphoneos;
				SUPPORTED_PLATFORMS = "iphoneos iphonesimulator macosx";
				SUPPORTS_MACCATALYST = NO;
				SUPPORTS_MAC_DESIGNED_FOR_IPHONE_IPAD = NO;
				SWIFT_VERSION = 5.0;
				TARGETED_DEVICE_FAMILY = "1,2";
				VALIDATE_PRODUCT = YES;
			};
			name = Release;
		};
/* End XCBuildConfiguration section */

/* Begin XCConfigurationList section */
		D02F449B265C86BE00A3505B /* Build configuration list for PBXProject "CloudNews" */ = {
			isa = XCConfigurationList;
			buildConfigurations = (
				D02F44BD265C86BF00A3505B /* Debug */,
				D02F44BE265C86BF00A3505B /* Release */,
			);
			defaultConfigurationIsVisible = 0;
			defaultConfigurationName = Release;
		};
		D02F44BF265C86BF00A3505B /* Build configuration list for PBXNativeTarget "CloudNews" */ = {
			isa = XCConfigurationList;
			buildConfigurations = (
				D02F44C0265C86BF00A3505B /* Debug */,
				D02F44C1265C86BF00A3505B /* Release */,
			);
			defaultConfigurationIsVisible = 0;
			defaultConfigurationName = Release;
		};
/* End XCConfigurationList section */

/* Begin XCRemoteSwiftPackageReference section */
		D02F44FD265C8BFD00A3505B /* XCRemoteSwiftPackageReference "KeychainAccess" */ = {
			isa = XCRemoteSwiftPackageReference;
			repositoryURL = "https://github.com/kishikawakatsumi/KeychainAccess";
			requirement = {
				kind = upToNextMajorVersion;
				minimumVersion = 4.2.2;
			};
		};
		D02F4500265C8C1900A3505B /* XCRemoteSwiftPackageReference "SwiftSoup" */ = {
			isa = XCRemoteSwiftPackageReference;
			repositoryURL = "https://github.com/scinfu/SwiftSoup";
			requirement = {
				kind = upToNextMajorVersion;
				minimumVersion = 2.3.2;
			};
		};
		D0C867FE28BC4514006DAFF6 /* XCRemoteSwiftPackageReference "Kingfisher" */ = {
			isa = XCRemoteSwiftPackageReference;
			repositoryURL = "https://github.com/onevcat/Kingfisher.git";
			requirement = {
				kind = upToNextMajorVersion;
				minimumVersion = 7.0.0;
			};
		};
		D0E88401290C9E1E001ACB25 /* XCRemoteSwiftPackageReference "OpenSSL" */ = {
			isa = XCRemoteSwiftPackageReference;
			repositoryURL = "https://github.com/krzyzanowskim/OpenSSL";
			requirement = {
				kind = upToNextMajorVersion;
				minimumVersion = 1.1.1700;
			};
		};
/* End XCRemoteSwiftPackageReference section */

/* Begin XCSwiftPackageProductDependency section */
		D02F44FE265C8BFD00A3505B /* KeychainAccess */ = {
			isa = XCSwiftPackageProductDependency;
			package = D02F44FD265C8BFD00A3505B /* XCRemoteSwiftPackageReference "KeychainAccess" */;
			productName = KeychainAccess;
		};
		D02F4501265C8C1900A3505B /* SwiftSoup */ = {
			isa = XCSwiftPackageProductDependency;
			package = D02F4500265C8C1900A3505B /* XCRemoteSwiftPackageReference "SwiftSoup" */;
			productName = SwiftSoup;
		};
		D0C867FF28BC4514006DAFF6 /* Kingfisher */ = {
			isa = XCSwiftPackageProductDependency;
			package = D0C867FE28BC4514006DAFF6 /* XCRemoteSwiftPackageReference "Kingfisher" */;
			productName = Kingfisher;
		};
		D0E88402290C9E1E001ACB25 /* OpenSSL */ = {
			isa = XCSwiftPackageProductDependency;
			package = D0E88401290C9E1E001ACB25 /* XCRemoteSwiftPackageReference "OpenSSL" */;
			productName = OpenSSL;
		};
/* End XCSwiftPackageProductDependency section */

/* Begin XCVersionGroup section */
		D02F44DC265C89F700A3505B /* NewsData.xcdatamodeld */ = {
			isa = XCVersionGroup;
			children = (
				D02F44DD265C89F700A3505B /* NewsData.xcdatamodel */,
			);
			currentVersion = D02F44DD265C89F700A3505B /* NewsData.xcdatamodel */;
			path = NewsData.xcdatamodeld;
			sourceTree = "<group>";
			versionGroupType = wrapper.xcdatamodel;
		};
/* End XCVersionGroup section */
	};
	rootObject = D02F4498265C86BE00A3505B /* Project object */;
}
