// !$*UTF8*$!
{
	archiveVersion = 1;
	classes = {
	};
	objectVersion = 50;
	objects = {

/* Begin PBXBuildFile section */
		D02F44B3265C86BF00A3505B /* CloudNews.xcdatamodeld in Sources */ = {isa = PBXBuildFile; fileRef = D02F449D265C86BE00A3505B /* CloudNews.xcdatamodeld */; };
		D02F44B4265C86BF00A3505B /* CloudNews.xcdatamodeld in Sources */ = {isa = PBXBuildFile; fileRef = D02F449D265C86BE00A3505B /* CloudNews.xcdatamodeld */; };
		D02F44B5265C86BF00A3505B /* CloudNewsApp.swift in Sources */ = {isa = PBXBuildFile; fileRef = D02F449F265C86BE00A3505B /* CloudNewsApp.swift */; };
		D02F44B6265C86BF00A3505B /* CloudNewsApp.swift in Sources */ = {isa = PBXBuildFile; fileRef = D02F449F265C86BE00A3505B /* CloudNewsApp.swift */; };
		D02F44B7265C86BF00A3505B /* ContentView.swift in Sources */ = {isa = PBXBuildFile; fileRef = D02F44A0265C86BE00A3505B /* ContentView.swift */; };
		D02F44B8265C86BF00A3505B /* ContentView.swift in Sources */ = {isa = PBXBuildFile; fileRef = D02F44A0265C86BE00A3505B /* ContentView.swift */; };
		D02F44B9265C86BF00A3505B /* Persistence.swift in Sources */ = {isa = PBXBuildFile; fileRef = D02F44A1265C86BE00A3505B /* Persistence.swift */; };
		D02F44BA265C86BF00A3505B /* Persistence.swift in Sources */ = {isa = PBXBuildFile; fileRef = D02F44A1265C86BE00A3505B /* Persistence.swift */; };
		D02F44BB265C86BF00A3505B /* Assets.xcassets in Resources */ = {isa = PBXBuildFile; fileRef = D02F44A2265C86BF00A3505B /* Assets.xcassets */; };
		D02F44BC265C86BF00A3505B /* Assets.xcassets in Resources */ = {isa = PBXBuildFile; fileRef = D02F44A2265C86BF00A3505B /* Assets.xcassets */; };
/* End PBXBuildFile section */

/* Begin PBXFileReference section */
		D02F449E265C86BE00A3505B /* Shared.xcdatamodel */ = {isa = PBXFileReference; lastKnownFileType = wrapper.xcdatamodel; path = Shared.xcdatamodel; sourceTree = "<group>"; };
		D02F449F265C86BE00A3505B /* CloudNewsApp.swift */ = {isa = PBXFileReference; lastKnownFileType = sourcecode.swift; path = CloudNewsApp.swift; sourceTree = "<group>"; };
		D02F44A0265C86BE00A3505B /* ContentView.swift */ = {isa = PBXFileReference; lastKnownFileType = sourcecode.swift; path = ContentView.swift; sourceTree = "<group>"; };
		D02F44A1265C86BE00A3505B /* Persistence.swift */ = {isa = PBXFileReference; lastKnownFileType = sourcecode.swift; path = Persistence.swift; sourceTree = "<group>"; };
		D02F44A2265C86BF00A3505B /* Assets.xcassets */ = {isa = PBXFileReference; lastKnownFileType = folder.assetcatalog; path = Assets.xcassets; sourceTree = "<group>"; };
		D02F44A7265C86BF00A3505B /* CloudNews.app */ = {isa = PBXFileReference; explicitFileType = wrapper.application; includeInIndex = 0; path = CloudNews.app; sourceTree = BUILT_PRODUCTS_DIR; };
		D02F44AA265C86BF00A3505B /* Info.plist */ = {isa = PBXFileReference; lastKnownFileType = text.plist.xml; path = Info.plist; sourceTree = "<group>"; };
		D02F44AF265C86BF00A3505B /* CloudNews.app */ = {isa = PBXFileReference; explicitFileType = wrapper.application; includeInIndex = 0; path = CloudNews.app; sourceTree = BUILT_PRODUCTS_DIR; };
		D02F44B1265C86BF00A3505B /* Info.plist */ = {isa = PBXFileReference; lastKnownFileType = text.plist.xml; path = Info.plist; sourceTree = "<group>"; };
		D02F44B2265C86BF00A3505B /* macOS.entitlements */ = {isa = PBXFileReference; lastKnownFileType = text.plist.entitlements; path = macOS.entitlements; sourceTree = "<group>"; };
/* End PBXFileReference section */

/* Begin PBXFrameworksBuildPhase section */
		D02F44A4265C86BF00A3505B /* Frameworks */ = {
			isa = PBXFrameworksBuildPhase;
			buildActionMask = 2147483647;
			files = (
			);
			runOnlyForDeploymentPostprocessing = 0;
		};
		D02F44AC265C86BF00A3505B /* Frameworks */ = {
			isa = PBXFrameworksBuildPhase;
			buildActionMask = 2147483647;
			files = (
			);
			runOnlyForDeploymentPostprocessing = 0;
		};
/* End PBXFrameworksBuildPhase section */

/* Begin PBXGroup section */
		D02F4497265C86BE00A3505B = {
			isa = PBXGroup;
			children = (
				D02F449C265C86BE00A3505B /* Shared */,
				D02F44A9265C86BF00A3505B /* iOS */,
				D02F44B0265C86BF00A3505B /* macOS */,
				D02F44A8265C86BF00A3505B /* Products */,
			);
			sourceTree = "<group>";
		};
		D02F449C265C86BE00A3505B /* Shared */ = {
			isa = PBXGroup;
			children = (
				D02F449F265C86BE00A3505B /* CloudNewsApp.swift */,
				D02F44A0265C86BE00A3505B /* ContentView.swift */,
				D02F44A1265C86BE00A3505B /* Persistence.swift */,
				D02F44A2265C86BF00A3505B /* Assets.xcassets */,
				D02F449D265C86BE00A3505B /* CloudNews.xcdatamodeld */,
			);
			path = Shared;
			sourceTree = "<group>";
		};
		D02F44A8265C86BF00A3505B /* Products */ = {
			isa = PBXGroup;
			children = (
				D02F44A7265C86BF00A3505B /* CloudNews.app */,
				D02F44AF265C86BF00A3505B /* CloudNews.app */,
			);
			name = Products;
			sourceTree = "<group>";
		};
		D02F44A9265C86BF00A3505B /* iOS */ = {
			isa = PBXGroup;
			children = (
				D02F44AA265C86BF00A3505B /* Info.plist */,
			);
			path = iOS;
			sourceTree = "<group>";
		};
		D02F44B0265C86BF00A3505B /* macOS */ = {
			isa = PBXGroup;
			children = (
				D02F44B1265C86BF00A3505B /* Info.plist */,
				D02F44B2265C86BF00A3505B /* macOS.entitlements */,
			);
			path = macOS;
			sourceTree = "<group>";
		};
/* End PBXGroup section */

/* Begin PBXNativeTarget section */
		D02F44A6265C86BF00A3505B /* CloudNews (iOS) */ = {
			isa = PBXNativeTarget;
			buildConfigurationList = D02F44BF265C86BF00A3505B /* Build configuration list for PBXNativeTarget "CloudNews (iOS)" */;
			buildPhases = (
				D02F44A3265C86BF00A3505B /* Sources */,
				D02F44A4265C86BF00A3505B /* Frameworks */,
				D02F44A5265C86BF00A3505B /* Resources */,
			);
			buildRules = (
			);
			dependencies = (
			);
			name = "CloudNews (iOS)";
			productName = "CloudNews (iOS)";
			productReference = D02F44A7265C86BF00A3505B /* CloudNews.app */;
			productType = "com.apple.product-type.application";
		};
		D02F44AE265C86BF00A3505B /* CloudNews (macOS) */ = {
			isa = PBXNativeTarget;
			buildConfigurationList = D02F44C2265C86BF00A3505B /* Build configuration list for PBXNativeTarget "CloudNews (macOS)" */;
			buildPhases = (
				D02F44AB265C86BF00A3505B /* Sources */,
				D02F44AC265C86BF00A3505B /* Frameworks */,
				D02F44AD265C86BF00A3505B /* Resources */,
			);
			buildRules = (
			);
			dependencies = (
			);
			name = "CloudNews (macOS)";
			productName = "CloudNews (macOS)";
			productReference = D02F44AF265C86BF00A3505B /* CloudNews.app */;
			productType = "com.apple.product-type.application";
		};
/* End PBXNativeTarget section */

/* Begin PBXProject section */
		D02F4498265C86BE00A3505B /* Project object */ = {
			isa = PBXProject;
			attributes = {
				LastSwiftUpdateCheck = 1250;
				LastUpgradeCheck = 1250;
				TargetAttributes = {
					D02F44A6265C86BF00A3505B = {
						CreatedOnToolsVersion = 12.5;
					};
					D02F44AE265C86BF00A3505B = {
						CreatedOnToolsVersion = 12.5;
					};
				};
			};
			buildConfigurationList = D02F449B265C86BE00A3505B /* Build configuration list for PBXProject "CloudNews" */;
			compatibilityVersion = "Xcode 9.3";
			developmentRegion = en;
			hasScannedForEncodings = 0;
			knownRegions = (
				en,
				Base,
			);
			mainGroup = D02F4497265C86BE00A3505B;
			productRefGroup = D02F44A8265C86BF00A3505B /* Products */;
			projectDirPath = "";
			projectRoot = "";
			targets = (
				D02F44A6265C86BF00A3505B /* CloudNews (iOS) */,
				D02F44AE265C86BF00A3505B /* CloudNews (macOS) */,
			);
		};
/* End PBXProject section */

/* Begin PBXResourcesBuildPhase section */
		D02F44A5265C86BF00A3505B /* Resources */ = {
			isa = PBXResourcesBuildPhase;
			buildActionMask = 2147483647;
			files = (
				D02F44BB265C86BF00A3505B /* Assets.xcassets in Resources */,
			);
			runOnlyForDeploymentPostprocessing = 0;
		};
		D02F44AD265C86BF00A3505B /* Resources */ = {
			isa = PBXResourcesBuildPhase;
			buildActionMask = 2147483647;
			files = (
				D02F44BC265C86BF00A3505B /* Assets.xcassets in Resources */,
			);
			runOnlyForDeploymentPostprocessing = 0;
		};
/* End PBXResourcesBuildPhase section */

/* Begin PBXSourcesBuildPhase section */
		D02F44A3265C86BF00A3505B /* Sources */ = {
			isa = PBXSourcesBuildPhase;
			buildActionMask = 2147483647;
			files = (
				D02F44B5265C86BF00A3505B /* CloudNewsApp.swift in Sources */,
				D02F44B9265C86BF00A3505B /* Persistence.swift in Sources */,
				D02F44B3265C86BF00A3505B /* CloudNews.xcdatamodeld in Sources */,
				D02F44B7265C86BF00A3505B /* ContentView.swift in Sources */,
			);
			runOnlyForDeploymentPostprocessing = 0;
		};
		D02F44AB265C86BF00A3505B /* Sources */ = {
			isa = PBXSourcesBuildPhase;
			buildActionMask = 2147483647;
			files = (
				D02F44B6265C86BF00A3505B /* CloudNewsApp.swift in Sources */,
				D02F44BA265C86BF00A3505B /* Persistence.swift in Sources */,
				D02F44B4265C86BF00A3505B /* CloudNews.xcdatamodeld in Sources */,
				D02F44B8265C86BF00A3505B /* ContentView.swift in Sources */,
			);
			runOnlyForDeploymentPostprocessing = 0;
		};
/* End PBXSourcesBuildPhase section */

/* Begin XCBuildConfiguration section */
		D02F44BD265C86BF00A3505B /* Debug */ = {
			isa = XCBuildConfiguration;
			buildSettings = {
				ALWAYS_SEARCH_USER_PATHS = NO;
				CLANG_ANALYZER_NONNULL = YES;
				CLANG_ANALYZER_NUMBER_OBJECT_CONVERSION = YES_AGGRESSIVE;
				CLANG_CXX_LANGUAGE_STANDARD = "gnu++14";
				CLANG_CXX_LIBRARY = "libc++";
				CLANG_ENABLE_MODULES = YES;
				CLANG_ENABLE_OBJC_ARC = YES;
				CLANG_ENABLE_OBJC_WEAK = YES;
				CLANG_WARN_BLOCK_CAPTURE_AUTORELEASING = YES;
				CLANG_WARN_BOOL_CONVERSION = YES;
				CLANG_WARN_COMMA = YES;
				CLANG_WARN_CONSTANT_CONVERSION = YES;
				CLANG_WARN_DEPRECATED_OBJC_IMPLEMENTATIONS = YES;
				CLANG_WARN_DIRECT_OBJC_ISA_USAGE = YES_ERROR;
				CLANG_WARN_DOCUMENTATION_COMMENTS = YES;
				CLANG_WARN_EMPTY_BODY = YES;
				CLANG_WARN_ENUM_CONVERSION = YES;
				CLANG_WARN_INFINITE_RECURSION = YES;
				CLANG_WARN_INT_CONVERSION = YES;
				CLANG_WARN_NON_LITERAL_NULL_CONVERSION = YES;
				CLANG_WARN_OBJC_IMPLICIT_RETAIN_SELF = YES;
				CLANG_WARN_OBJC_LITERAL_CONVERSION = YES;
				CLANG_WARN_OBJC_ROOT_CLASS = YES_ERROR;
				CLANG_WARN_QUOTED_INCLUDE_IN_FRAMEWORK_HEADER = YES;
				CLANG_WARN_RANGE_LOOP_ANALYSIS = YES;
				CLANG_WARN_STRICT_PROTOTYPES = YES;
				CLANG_WARN_SUSPICIOUS_MOVE = YES;
				CLANG_WARN_UNGUARDED_AVAILABILITY = YES_AGGRESSIVE;
				CLANG_WARN_UNREACHABLE_CODE = YES;
				CLANG_WARN__DUPLICATE_METHOD_MATCH = YES;
				COPY_PHASE_STRIP = NO;
				DEBUG_INFORMATION_FORMAT = dwarf;
				ENABLE_STRICT_OBJC_MSGSEND = YES;
				ENABLE_TESTABILITY = YES;
				GCC_C_LANGUAGE_STANDARD = gnu11;
				GCC_DYNAMIC_NO_PIC = NO;
				GCC_NO_COMMON_BLOCKS = YES;
				GCC_OPTIMIZATION_LEVEL = 0;
				GCC_PREPROCESSOR_DEFINITIONS = (
					"DEBUG=1",
					"$(inherited)",
				);
				GCC_WARN_64_TO_32_BIT_CONVERSION = YES;
				GCC_WARN_ABOUT_RETURN_TYPE = YES_ERROR;
				GCC_WARN_UNDECLARED_SELECTOR = YES;
				GCC_WARN_UNINITIALIZED_AUTOS = YES_AGGRESSIVE;
				GCC_WARN_UNUSED_FUNCTION = YES;
				GCC_WARN_UNUSED_VARIABLE = YES;
				MTL_ENABLE_DEBUG_INFO = INCLUDE_SOURCE;
				MTL_FAST_MATH = YES;
				ONLY_ACTIVE_ARCH = YES;
				SWIFT_ACTIVE_COMPILATION_CONDITIONS = DEBUG;
				SWIFT_OPTIMIZATION_LEVEL = "-Onone";
			};
			name = Debug;
		};
		D02F44BE265C86BF00A3505B /* Release */ = {
			isa = XCBuildConfiguration;
			buildSettings = {
				ALWAYS_SEARCH_USER_PATHS = NO;
				CLANG_ANALYZER_NONNULL = YES;
				CLANG_ANALYZER_NUMBER_OBJECT_CONVERSION = YES_AGGRESSIVE;
				CLANG_CXX_LANGUAGE_STANDARD = "gnu++14";
				CLANG_CXX_LIBRARY = "libc++";
				CLANG_ENABLE_MODULES = YES;
				CLANG_ENABLE_OBJC_ARC = YES;
				CLANG_ENABLE_OBJC_WEAK = YES;
				CLANG_WARN_BLOCK_CAPTURE_AUTORELEASING = YES;
				CLANG_WARN_BOOL_CONVERSION = YES;
				CLANG_WARN_COMMA = YES;
				CLANG_WARN_CONSTANT_CONVERSION = YES;
				CLANG_WARN_DEPRECATED_OBJC_IMPLEMENTATIONS = YES;
				CLANG_WARN_DIRECT_OBJC_ISA_USAGE = YES_ERROR;
				CLANG_WARN_DOCUMENTATION_COMMENTS = YES;
				CLANG_WARN_EMPTY_BODY = YES;
				CLANG_WARN_ENUM_CONVERSION = YES;
				CLANG_WARN_INFINITE_RECURSION = YES;
				CLANG_WARN_INT_CONVERSION = YES;
				CLANG_WARN_NON_LITERAL_NULL_CONVERSION = YES;
				CLANG_WARN_OBJC_IMPLICIT_RETAIN_SELF = YES;
				CLANG_WARN_OBJC_LITERAL_CONVERSION = YES;
				CLANG_WARN_OBJC_ROOT_CLASS = YES_ERROR;
				CLANG_WARN_QUOTED_INCLUDE_IN_FRAMEWORK_HEADER = YES;
				CLANG_WARN_RANGE_LOOP_ANALYSIS = YES;
				CLANG_WARN_STRICT_PROTOTYPES = YES;
				CLANG_WARN_SUSPICIOUS_MOVE = YES;
				CLANG_WARN_UNGUARDED_AVAILABILITY = YES_AGGRESSIVE;
				CLANG_WARN_UNREACHABLE_CODE = YES;
				CLANG_WARN__DUPLICATE_METHOD_MATCH = YES;
				COPY_PHASE_STRIP = NO;
				DEBUG_INFORMATION_FORMAT = "dwarf-with-dsym";
				ENABLE_NS_ASSERTIONS = NO;
				ENABLE_STRICT_OBJC_MSGSEND = YES;
				GCC_C_LANGUAGE_STANDARD = gnu11;
				GCC_NO_COMMON_BLOCKS = YES;
				GCC_WARN_64_TO_32_BIT_CONVERSION = YES;
				GCC_WARN_ABOUT_RETURN_TYPE = YES_ERROR;
				GCC_WARN_UNDECLARED_SELECTOR = YES;
				GCC_WARN_UNINITIALIZED_AUTOS = YES_AGGRESSIVE;
				GCC_WARN_UNUSED_FUNCTION = YES;
				GCC_WARN_UNUSED_VARIABLE = YES;
				MTL_ENABLE_DEBUG_INFO = NO;
				MTL_FAST_MATH = YES;
				SWIFT_COMPILATION_MODE = wholemodule;
				SWIFT_OPTIMIZATION_LEVEL = "-O";
			};
			name = Release;
		};
		D02F44C0265C86BF00A3505B /* Debug */ = {
			isa = XCBuildConfiguration;
			buildSettings = {
				ASSETCATALOG_COMPILER_APPICON_NAME = AppIcon;
				ASSETCATALOG_COMPILER_GLOBAL_ACCENT_COLOR_NAME = AccentColor;
				CODE_SIGN_STYLE = Automatic;
				DEVELOPMENT_TEAM = 73AQJ77PZ5;
				ENABLE_PREVIEWS = YES;
				INFOPLIST_FILE = iOS/Info.plist;
				IPHONEOS_DEPLOYMENT_TARGET = 14.0;
				LD_RUNPATH_SEARCH_PATHS = (
					"$(inherited)",
					"@executable_path/Frameworks",
				);
				PRODUCT_BUNDLE_IDENTIFIER = dev.hedlund.CloudNews;
				PRODUCT_NAME = CloudNews;
				SDKROOT = iphoneos;
				SWIFT_VERSION = 5.0;
				TARGETED_DEVICE_FAMILY = "1,2";
			};
			name = Debug;
		};
		D02F44C1265C86BF00A3505B /* Release */ = {
			isa = XCBuildConfiguration;
			buildSettings = {
				ASSETCATALOG_COMPILER_APPICON_NAME = AppIcon;
				ASSETCATALOG_COMPILER_GLOBAL_ACCENT_COLOR_NAME = AccentColor;
				CODE_SIGN_STYLE = Automatic;
				DEVELOPMENT_TEAM = 73AQJ77PZ5;
				ENABLE_PREVIEWS = YES;
				INFOPLIST_FILE = iOS/Info.plist;
				IPHONEOS_DEPLOYMENT_TARGET = 14.0;
				LD_RUNPATH_SEARCH_PATHS = (
					"$(inherited)",
					"@executable_path/Frameworks",
				);
				PRODUCT_BUNDLE_IDENTIFIER = dev.hedlund.CloudNews;
				PRODUCT_NAME = CloudNews;
				SDKROOT = iphoneos;
				SWIFT_VERSION = 5.0;
				TARGETED_DEVICE_FAMILY = "1,2";
				VALIDATE_PRODUCT = YES;
			};
			name = Release;
		};
		D02F44C3265C86BF00A3505B /* Debug */ = {
			isa = XCBuildConfiguration;
			buildSettings = {
				ASSETCATALOG_COMPILER_APPICON_NAME = AppIcon;
				ASSETCATALOG_COMPILER_GLOBAL_ACCENT_COLOR_NAME = AccentColor;
				CODE_SIGN_ENTITLEMENTS = macOS/macOS.entitlements;
				CODE_SIGN_STYLE = Automatic;
				COMBINE_HIDPI_IMAGES = YES;
				DEVELOPMENT_TEAM = 73AQJ77PZ5;
				ENABLE_HARDENED_RUNTIME = YES;
				ENABLE_PREVIEWS = YES;
				INFOPLIST_FILE = macOS/Info.plist;
				LD_RUNPATH_SEARCH_PATHS = (
					"$(inherited)",
					"@executable_path/../Frameworks",
				);
				MACOSX_DEPLOYMENT_TARGET = 11.0;
				PRODUCT_BUNDLE_IDENTIFIER = dev.hedlund.CloudNews;
				PRODUCT_NAME = CloudNews;
				SDKROOT = macosx;
				SWIFT_VERSION = 5.0;
			};
			name = Debug;
		};
		D02F44C4265C86BF00A3505B /* Release */ = {
			isa = XCBuildConfiguration;
			buildSettings = {
				ASSETCATALOG_COMPILER_APPICON_NAME = AppIcon;
				ASSETCATALOG_COMPILER_GLOBAL_ACCENT_COLOR_NAME = AccentColor;
				CODE_SIGN_ENTITLEMENTS = macOS/macOS.entitlements;
				CODE_SIGN_STYLE = Automatic;
				COMBINE_HIDPI_IMAGES = YES;
				DEVELOPMENT_TEAM = 73AQJ77PZ5;
				ENABLE_HARDENED_RUNTIME = YES;
				ENABLE_PREVIEWS = YES;
				INFOPLIST_FILE = macOS/Info.plist;
				LD_RUNPATH_SEARCH_PATHS = (
					"$(inherited)",
					"@executable_path/../Frameworks",
				);
				MACOSX_DEPLOYMENT_TARGET = 11.0;
				PRODUCT_BUNDLE_IDENTIFIER = dev.hedlund.CloudNews;
				PRODUCT_NAME = CloudNews;
				SDKROOT = macosx;
				SWIFT_VERSION = 5.0;
			};
			name = Release;
		};
/* End XCBuildConfiguration section */

/* Begin XCConfigurationList section */
		D02F449B265C86BE00A3505B /* Build configuration list for PBXProject "CloudNews" */ = {
			isa = XCConfigurationList;
			buildConfigurations = (
				D02F44BD265C86BF00A3505B /* Debug */,
				D02F44BE265C86BF00A3505B /* Release */,
			);
			defaultConfigurationIsVisible = 0;
			defaultConfigurationName = Release;
		};
		D02F44BF265C86BF00A3505B /* Build configuration list for PBXNativeTarget "CloudNews (iOS)" */ = {
			isa = XCConfigurationList;
			buildConfigurations = (
				D02F44C0265C86BF00A3505B /* Debug */,
				D02F44C1265C86BF00A3505B /* Release */,
			);
			defaultConfigurationIsVisible = 0;
			defaultConfigurationName = Release;
		};
		D02F44C2265C86BF00A3505B /* Build configuration list for PBXNativeTarget "CloudNews (macOS)" */ = {
			isa = XCConfigurationList;
			buildConfigurations = (
				D02F44C3265C86BF00A3505B /* Debug */,
				D02F44C4265C86BF00A3505B /* Release */,
			);
			defaultConfigurationIsVisible = 0;
			defaultConfigurationName = Release;
		};
/* End XCConfigurationList section */

/* Begin XCVersionGroup section */
		D02F449D265C86BE00A3505B /* CloudNews.xcdatamodeld */ = {
			isa = XCVersionGroup;
			children = (
				D02F449E265C86BE00A3505B /* Shared.xcdatamodel */,
			);
			currentVersion = D02F449E265C86BE00A3505B /* Shared.xcdatamodel */;
			path = CloudNews.xcdatamodeld;
			sourceTree = "<group>";
			versionGroupType = wrapper.xcdatamodel;
		};
/* End XCVersionGroup section */
	};
	rootObject = D02F4498265C86BE00A3505B /* Project object */;
}
