// !$*UTF8*$!
{
	archiveVersion = 1;
	classes = {
	};
	objectVersion = 52;
	objects = {

/* Begin PBXBuildFile section */
		D00AFA1626937C9700BAED44 /* SettingsView.swift in Sources */ = {isa = PBXBuildFile; fileRef = D00AFA1426937C9700BAED44 /* SettingsView.swift */; };
		D00AFA1726937C9700BAED44 /* SettingsView.swift in Sources */ = {isa = PBXBuildFile; fileRef = D00AFA1426937C9700BAED44 /* SettingsView.swift */; };
		D00AFA1826937C9700BAED44 /* LoginView.swift in Sources */ = {isa = PBXBuildFile; fileRef = D00AFA1526937C9700BAED44 /* LoginView.swift */; };
		D00AFA1926937C9700BAED44 /* LoginView.swift in Sources */ = {isa = PBXBuildFile; fileRef = D00AFA1526937C9700BAED44 /* LoginView.swift */; };
		D00AFA1B269383CB00BAED44 /* OCSProtocol.swift in Sources */ = {isa = PBXBuildFile; fileRef = D00AFA1A269383CB00BAED44 /* OCSProtocol.swift */; };
		D00AFA1C269383CB00BAED44 /* OCSProtocol.swift in Sources */ = {isa = PBXBuildFile; fileRef = D00AFA1A269383CB00BAED44 /* OCSProtocol.swift */; };
		D00AFA1E2693872800BAED44 /* KeychainStorage.swift in Sources */ = {isa = PBXBuildFile; fileRef = D00AFA1D2693872800BAED44 /* KeychainStorage.swift */; };
		D00AFA1F2693872800BAED44 /* KeychainStorage.swift in Sources */ = {isa = PBXBuildFile; fileRef = D00AFA1D2693872800BAED44 /* KeychainStorage.swift */; };
		D027487926A9D2A10000FB47 /* AddView.swift in Sources */ = {isa = PBXBuildFile; fileRef = D027487826A9D2A10000FB47 /* AddView.swift */; };
		D027487A26A9D2A10000FB47 /* AddView.swift in Sources */ = {isa = PBXBuildFile; fileRef = D027487826A9D2A10000FB47 /* AddView.swift */; };
		D02F44B5265C86BF00A3505B /* CloudNewsApp.swift in Sources */ = {isa = PBXBuildFile; fileRef = D02F449F265C86BE00A3505B /* CloudNewsApp.swift */; };
		D02F44B6265C86BF00A3505B /* CloudNewsApp.swift in Sources */ = {isa = PBXBuildFile; fileRef = D02F449F265C86BE00A3505B /* CloudNewsApp.swift */; };
		D02F44B7265C86BF00A3505B /* ContentView.swift in Sources */ = {isa = PBXBuildFile; fileRef = D02F44A0265C86BE00A3505B /* ContentView.swift */; };
		D02F44B8265C86BF00A3505B /* ContentView.swift in Sources */ = {isa = PBXBuildFile; fileRef = D02F44A0265C86BE00A3505B /* ContentView.swift */; };
		D02F44BB265C86BF00A3505B /* Assets.xcassets in Resources */ = {isa = PBXBuildFile; fileRef = D02F44A2265C86BF00A3505B /* Assets.xcassets */; };
		D02F44BC265C86BF00A3505B /* Assets.xcassets in Resources */ = {isa = PBXBuildFile; fileRef = D02F44A2265C86BF00A3505B /* Assets.xcassets */; };
		D02F44EC265C89F700A3505B /* FeedTreeNode.swift in Sources */ = {isa = PBXBuildFile; fileRef = D02F44EB265C89F700A3505B /* FeedTreeNode.swift */; };
		D02F44ED265C89F700A3505B /* FeedTreeNode.swift in Sources */ = {isa = PBXBuildFile; fileRef = D02F44EB265C89F700A3505B /* FeedTreeNode.swift */; };
		D02F44EE265C89F700A3505B /* NewsSessionManager.swift in Sources */ = {isa = PBXBuildFile; fileRef = D02F44C5265C89F700A3505B /* NewsSessionManager.swift */; };
		D02F44EF265C89F700A3505B /* NewsSessionManager.swift in Sources */ = {isa = PBXBuildFile; fileRef = D02F44C5265C89F700A3505B /* NewsSessionManager.swift */; };
		D02F44F0265C89F700A3505B /* SyncHelper.swift in Sources */ = {isa = PBXBuildFile; fileRef = D02F44D4265C89F700A3505B /* SyncHelper.swift */; };
		D02F44F1265C89F700A3505B /* SyncHelper.swift in Sources */ = {isa = PBXBuildFile; fileRef = D02F44D4265C89F700A3505B /* SyncHelper.swift */; };
		D02F44F2265C89F700A3505B /* NotificationNames.swift in Sources */ = {isa = PBXBuildFile; fileRef = D02F44D3265C89F700A3505B /* NotificationNames.swift */; };
		D02F44F3265C89F700A3505B /* NotificationNames.swift in Sources */ = {isa = PBXBuildFile; fileRef = D02F44D3265C89F700A3505B /* NotificationNames.swift */; };
		D02F44F6265C89F700A3505B /* NewsRouter.swift in Sources */ = {isa = PBXBuildFile; fileRef = D02F44D2265C89F700A3505B /* NewsRouter.swift */; };
		D02F44F7265C89F700A3505B /* NewsRouter.swift in Sources */ = {isa = PBXBuildFile; fileRef = D02F44D2265C89F700A3505B /* NewsRouter.swift */; };
		D02F44FF265C8BFD00A3505B /* KeychainAccess in Frameworks */ = {isa = PBXBuildFile; productRef = D02F44FE265C8BFD00A3505B /* KeychainAccess */; };
		D02F4502265C8C1900A3505B /* SwiftSoup in Frameworks */ = {isa = PBXBuildFile; productRef = D02F4501265C8C1900A3505B /* SwiftSoup */; };
		D02F450A265C8C5500A3505B /* KeychainAccess in Frameworks */ = {isa = PBXBuildFile; productRef = D02F4509265C8C5500A3505B /* KeychainAccess */; };
		D02F450C265C8C5500A3505B /* SwiftSoup in Frameworks */ = {isa = PBXBuildFile; productRef = D02F450B265C8C5500A3505B /* SwiftSoup */; };
		D02F450F265C8CAA00A3505B /* Items.swift in Sources */ = {isa = PBXBuildFile; fileRef = D02F44C7265C89F700A3505B /* Items.swift */; };
		D02F4510265C8CAA00A3505B /* Items.swift in Sources */ = {isa = PBXBuildFile; fileRef = D02F44C7265C89F700A3505B /* Items.swift */; };
		D02F4511265C8CAD00A3505B /* Item.swift in Sources */ = {isa = PBXBuildFile; fileRef = D02F44C8265C89F700A3505B /* Item.swift */; };
		D02F4512265C8CAE00A3505B /* Item.swift in Sources */ = {isa = PBXBuildFile; fileRef = D02F44C8265C89F700A3505B /* Item.swift */; };
		D02F4513265C8CB100A3505B /* Folder.swift in Sources */ = {isa = PBXBuildFile; fileRef = D02F44C9265C89F700A3505B /* Folder.swift */; };
		D02F4514265C8CB200A3505B /* Folder.swift in Sources */ = {isa = PBXBuildFile; fileRef = D02F44C9265C89F700A3505B /* Folder.swift */; };
		D02F4515265C8CB500A3505B /* User.swift in Sources */ = {isa = PBXBuildFile; fileRef = D02F44CA265C89F700A3505B /* User.swift */; };
		D02F4516265C8CB600A3505B /* User.swift in Sources */ = {isa = PBXBuildFile; fileRef = D02F44CA265C89F700A3505B /* User.swift */; };
		D02F4517265C8CB900A3505B /* Feeds.swift in Sources */ = {isa = PBXBuildFile; fileRef = D02F44CB265C89F700A3505B /* Feeds.swift */; };
		D02F4518265C8CBA00A3505B /* Feeds.swift in Sources */ = {isa = PBXBuildFile; fileRef = D02F44CB265C89F700A3505B /* Feeds.swift */; };
		D02F4519265C8CBE00A3505B /* Protocols.swift in Sources */ = {isa = PBXBuildFile; fileRef = D02F44CC265C89F700A3505B /* Protocols.swift */; };
		D02F451A265C8CBF00A3505B /* Protocols.swift in Sources */ = {isa = PBXBuildFile; fileRef = D02F44CC265C89F700A3505B /* Protocols.swift */; };
		D02F451B265C8CC400A3505B /* Avatar.swift in Sources */ = {isa = PBXBuildFile; fileRef = D02F44CD265C89F700A3505B /* Avatar.swift */; };
		D02F451C265C8CC500A3505B /* Avatar.swift in Sources */ = {isa = PBXBuildFile; fileRef = D02F44CD265C89F700A3505B /* Avatar.swift */; };
		D02F451D265C8CC800A3505B /* Status.swift in Sources */ = {isa = PBXBuildFile; fileRef = D02F44CE265C89F700A3505B /* Status.swift */; };
		D02F451E265C8CC800A3505B /* Status.swift in Sources */ = {isa = PBXBuildFile; fileRef = D02F44CE265C89F700A3505B /* Status.swift */; };
		D02F451F265C8CCC00A3505B /* Feed.swift in Sources */ = {isa = PBXBuildFile; fileRef = D02F44CF265C89F700A3505B /* Feed.swift */; };
		D02F4520265C8CCC00A3505B /* Feed.swift in Sources */ = {isa = PBXBuildFile; fileRef = D02F44CF265C89F700A3505B /* Feed.swift */; };
		D02F4521265C8CD000A3505B /* Folders.swift in Sources */ = {isa = PBXBuildFile; fileRef = D02F44D0265C89F700A3505B /* Folders.swift */; };
		D02F4522265C8CD000A3505B /* Folders.swift in Sources */ = {isa = PBXBuildFile; fileRef = D02F44D0265C89F700A3505B /* Folders.swift */; };
		D02F4523265C8CD800A3505B /* CoreDataExtension.swift in Sources */ = {isa = PBXBuildFile; fileRef = D02F44D7265C89F700A3505B /* CoreDataExtension.swift */; };
		D02F4524265C8CD900A3505B /* CoreDataExtension.swift in Sources */ = {isa = PBXBuildFile; fileRef = D02F44D7265C89F700A3505B /* CoreDataExtension.swift */; };
		D02F4525265C8CDD00A3505B /* CDItem+CoreDataClass.swift in Sources */ = {isa = PBXBuildFile; fileRef = D02F44D8265C89F700A3505B /* CDItem+CoreDataClass.swift */; };
		D02F4526265C8CDD00A3505B /* CDItem+CoreDataClass.swift in Sources */ = {isa = PBXBuildFile; fileRef = D02F44D8265C89F700A3505B /* CDItem+CoreDataClass.swift */; };
		D02F4527265C8CE200A3505B /* CDFeed+CoreDataClass.swift in Sources */ = {isa = PBXBuildFile; fileRef = D02F44D9265C89F700A3505B /* CDFeed+CoreDataClass.swift */; };
		D02F4528265C8CE300A3505B /* CDFeed+CoreDataClass.swift in Sources */ = {isa = PBXBuildFile; fileRef = D02F44D9265C89F700A3505B /* CDFeed+CoreDataClass.swift */; };
		D02F4529265C8CE700A3505B /* CDStarred+CoreDataClass.swift in Sources */ = {isa = PBXBuildFile; fileRef = D02F44DA265C89F700A3505B /* CDStarred+CoreDataClass.swift */; };
		D02F452A265C8CE800A3505B /* CDStarred+CoreDataClass.swift in Sources */ = {isa = PBXBuildFile; fileRef = D02F44DA265C89F700A3505B /* CDStarred+CoreDataClass.swift */; };
		D02F452B265C8CEB00A3505B /* NewsData.swift in Sources */ = {isa = PBXBuildFile; fileRef = D02F44DB265C89F700A3505B /* NewsData.swift */; };
		D02F452C265C8CEC00A3505B /* NewsData.swift in Sources */ = {isa = PBXBuildFile; fileRef = D02F44DB265C89F700A3505B /* NewsData.swift */; };
		D02F452D265C8CF400A3505B /* CDFeeds+CoreDataClass.swift in Sources */ = {isa = PBXBuildFile; fileRef = D02F44DE265C89F700A3505B /* CDFeeds+CoreDataClass.swift */; };
		D02F452E265C8CF500A3505B /* CDFeeds+CoreDataClass.swift in Sources */ = {isa = PBXBuildFile; fileRef = D02F44DE265C89F700A3505B /* CDFeeds+CoreDataClass.swift */; };
		D02F452F265C8CF900A3505B /* CDFeeds+CoreDataProperties.swift in Sources */ = {isa = PBXBuildFile; fileRef = D02F44DF265C89F700A3505B /* CDFeeds+CoreDataProperties.swift */; };
		D02F4530265C8CF900A3505B /* CDFeeds+CoreDataProperties.swift in Sources */ = {isa = PBXBuildFile; fileRef = D02F44DF265C89F700A3505B /* CDFeeds+CoreDataProperties.swift */; };
		D02F4531265C8CFC00A3505B /* CDStarred+CoreDataProperties.swift in Sources */ = {isa = PBXBuildFile; fileRef = D02F44E0265C89F700A3505B /* CDStarred+CoreDataProperties.swift */; };
		D02F4532265C8CFD00A3505B /* CDStarred+CoreDataProperties.swift in Sources */ = {isa = PBXBuildFile; fileRef = D02F44E0265C89F700A3505B /* CDStarred+CoreDataProperties.swift */; };
		D02F4533265C8D0000A3505B /* CDUnread+CoreDataProperties.swift in Sources */ = {isa = PBXBuildFile; fileRef = D02F44E1265C89F700A3505B /* CDUnread+CoreDataProperties.swift */; };
		D02F4534265C8D0000A3505B /* CDUnread+CoreDataProperties.swift in Sources */ = {isa = PBXBuildFile; fileRef = D02F44E1265C89F700A3505B /* CDUnread+CoreDataProperties.swift */; };
		D02F4535265C8D0300A3505B /* CDFolder+CoreDataProperties.swift in Sources */ = {isa = PBXBuildFile; fileRef = D02F44E2265C89F700A3505B /* CDFolder+CoreDataProperties.swift */; };
		D02F4536265C8D0400A3505B /* CDFolder+CoreDataProperties.swift in Sources */ = {isa = PBXBuildFile; fileRef = D02F44E2265C89F700A3505B /* CDFolder+CoreDataProperties.swift */; };
		D02F4537265C8D0800A3505B /* CDUnread+CoreDataClass.swift in Sources */ = {isa = PBXBuildFile; fileRef = D02F44E3265C89F700A3505B /* CDUnread+CoreDataClass.swift */; };
		D02F4538265C8D0800A3505B /* CDUnread+CoreDataClass.swift in Sources */ = {isa = PBXBuildFile; fileRef = D02F44E3265C89F700A3505B /* CDUnread+CoreDataClass.swift */; };
		D02F4539265C8D0C00A3505B /* CDUnstarred+CoreDataProperties.swift in Sources */ = {isa = PBXBuildFile; fileRef = D02F44E4265C89F700A3505B /* CDUnstarred+CoreDataProperties.swift */; };
		D02F453A265C8D0D00A3505B /* CDUnstarred+CoreDataProperties.swift in Sources */ = {isa = PBXBuildFile; fileRef = D02F44E4265C89F700A3505B /* CDUnstarred+CoreDataProperties.swift */; };
		D02F453B265C8D0F00A3505B /* CDFeed+CoreDataProperties.swift in Sources */ = {isa = PBXBuildFile; fileRef = D02F44E5265C89F700A3505B /* CDFeed+CoreDataProperties.swift */; };
		D02F453C265C8D1000A3505B /* CDFeed+CoreDataProperties.swift in Sources */ = {isa = PBXBuildFile; fileRef = D02F44E5265C89F700A3505B /* CDFeed+CoreDataProperties.swift */; };
		D02F453D265C8D1300A3505B /* CDItem+CoreDataProperties.swift in Sources */ = {isa = PBXBuildFile; fileRef = D02F44E6265C89F700A3505B /* CDItem+CoreDataProperties.swift */; };
		D02F453E265C8D1300A3505B /* CDItem+CoreDataProperties.swift in Sources */ = {isa = PBXBuildFile; fileRef = D02F44E6265C89F700A3505B /* CDItem+CoreDataProperties.swift */; };
		D02F453F265C8D1800A3505B /* CDRead+CoreDataProperties.swift in Sources */ = {isa = PBXBuildFile; fileRef = D02F44E7265C89F700A3505B /* CDRead+CoreDataProperties.swift */; };
		D02F4540265C8D1900A3505B /* CDRead+CoreDataProperties.swift in Sources */ = {isa = PBXBuildFile; fileRef = D02F44E7265C89F700A3505B /* CDRead+CoreDataProperties.swift */; };
		D02F4541265C8D1D00A3505B /* CDFolder+CoreDataClass.swift in Sources */ = {isa = PBXBuildFile; fileRef = D02F44E8265C89F700A3505B /* CDFolder+CoreDataClass.swift */; };
		D02F4542265C8D1E00A3505B /* CDFolder+CoreDataClass.swift in Sources */ = {isa = PBXBuildFile; fileRef = D02F44E8265C89F700A3505B /* CDFolder+CoreDataClass.swift */; };
		D02F4543265C8D2300A3505B /* CDUnstarred+CoreDataClass.swift in Sources */ = {isa = PBXBuildFile; fileRef = D02F44E9265C89F700A3505B /* CDUnstarred+CoreDataClass.swift */; };
		D02F4544265C8D2400A3505B /* CDUnstarred+CoreDataClass.swift in Sources */ = {isa = PBXBuildFile; fileRef = D02F44E9265C89F700A3505B /* CDUnstarred+CoreDataClass.swift */; };
		D02F4545265C8D2800A3505B /* CDRead+CoreDataClass.swift in Sources */ = {isa = PBXBuildFile; fileRef = D02F44EA265C89F700A3505B /* CDRead+CoreDataClass.swift */; };
		D02F4546265C8D2900A3505B /* CDRead+CoreDataClass.swift in Sources */ = {isa = PBXBuildFile; fileRef = D02F44EA265C89F700A3505B /* CDRead+CoreDataClass.swift */; };
		D02FA074269E2E7600A77875 /* FeedSettingsView.swift in Sources */ = {isa = PBXBuildFile; fileRef = D02FA073269E2E7600A77875 /* FeedSettingsView.swift */; };
		D02FA075269E2E7600A77875 /* FeedSettingsView.swift in Sources */ = {isa = PBXBuildFile; fileRef = D02FA073269E2E7600A77875 /* FeedSettingsView.swift */; };
		D045A16026C5F6D4002E553F /* LoginWebView.swift in Sources */ = {isa = PBXBuildFile; fileRef = D045A15F26C5F6D4002E553F /* LoginWebView.swift */; };
		D045A16126C5F6D4002E553F /* LoginWebView.swift in Sources */ = {isa = PBXBuildFile; fileRef = D045A15F26C5F6D4002E553F /* LoginWebView.swift */; };
		D04A495B26FE9181003FD659 /* Throttler.swift in Sources */ = {isa = PBXBuildFile; fileRef = D04A495A26FE9181003FD659 /* Throttler.swift */; };
		D04A495C26FE9181003FD659 /* Throttler.swift in Sources */ = {isa = PBXBuildFile; fileRef = D04A495A26FE9181003FD659 /* Throttler.swift */; };
		D064CAEE26E6D0E80053C11F /* Utilities.swift in Sources */ = {isa = PBXBuildFile; fileRef = D064CAED26E6D0E80053C11F /* Utilities.swift */; };
		D064CAEF26E6D0E80053C11F /* Utilities.swift in Sources */ = {isa = PBXBuildFile; fileRef = D064CAED26E6D0E80053C11F /* Utilities.swift */; };
		D0698979268569BF005AA05B /* ItemListItemView.swift in Sources */ = {isa = PBXBuildFile; fileRef = D0698978268569BF005AA05B /* ItemListItemView.swift */; };
		D069897A268569BF005AA05B /* ItemListItemView.swift in Sources */ = {isa = PBXBuildFile; fileRef = D0698978268569BF005AA05B /* ItemListItemView.swift */; };
		D07A043726E2F61F00178EEE /* UserDefault.swift in Sources */ = {isa = PBXBuildFile; fileRef = D07A043626E2F61F00178EEE /* UserDefault.swift */; };
		D07A043826E2F61F00178EEE /* UserDefault.swift in Sources */ = {isa = PBXBuildFile; fileRef = D07A043626E2F61F00178EEE /* UserDefault.swift */; };
		D07A043A26E58B5B00178EEE /* ArticlesPageView.swift in Sources */ = {isa = PBXBuildFile; fileRef = D07A043926E58B5B00178EEE /* ArticlesPageView.swift */; };
		D07A043B26E58B5B00178EEE /* ArticlesPageView.swift in Sources */ = {isa = PBXBuildFile; fileRef = D07A043926E58B5B00178EEE /* ArticlesPageView.swift */; };
		D081F84F26CB478B00511B60 /* ActivityView.swift in Sources */ = {isa = PBXBuildFile; fileRef = D081F84E26CB478B00511B60 /* ActivityView.swift */; };
		D081F85026CB478B00511B60 /* ActivityView.swift in Sources */ = {isa = PBXBuildFile; fileRef = D081F84E26CB478B00511B60 /* ActivityView.swift */; };
		D081F85226CB483E00511B60 /* SafariActivity.swift in Sources */ = {isa = PBXBuildFile; fileRef = D081F85126CB483E00511B60 /* SafariActivity.swift */; };
		D081F85326CB483E00511B60 /* SafariActivity.swift in Sources */ = {isa = PBXBuildFile; fileRef = D081F85126CB483E00511B60 /* SafariActivity.swift */; };
		D081F85526CB489300511B60 /* SharingProvider.swift in Sources */ = {isa = PBXBuildFile; fileRef = D081F85426CB489300511B60 /* SharingProvider.swift */; };
		D081F85626CB489300511B60 /* SharingProvider.swift in Sources */ = {isa = PBXBuildFile; fileRef = D081F85426CB489300511B60 /* SharingProvider.swift */; };
		D0955E1226DC40DE00D5560E /* URLImage in Frameworks */ = {isa = PBXBuildFile; productRef = D0955E1126DC40DE00D5560E /* URLImage */; };
		D0955E1426DC40DE00D5560E /* URLImageStore in Frameworks */ = {isa = PBXBuildFile; productRef = D0955E1326DC40DE00D5560E /* URLImageStore */; };
		D0AFBC4526B041C500A75C05 /* CustomModalView in Frameworks */ = {isa = PBXBuildFile; productRef = D0AFBC4426B041C500A75C05 /* CustomModalView */; };
		D0B0B2F1267C2B0500A997DB /* StorageKeys.swift in Sources */ = {isa = PBXBuildFile; fileRef = D0B0B2F0267C2B0500A997DB /* StorageKeys.swift */; };
		D0B0B2F2267C2B0500A997DB /* StorageKeys.swift in Sources */ = {isa = PBXBuildFile; fileRef = D0B0B2F0267C2B0500A997DB /* StorageKeys.swift */; };
		D0B0B2F3267D7DC000A997DB /* NewsData.xcdatamodeld in Sources */ = {isa = PBXBuildFile; fileRef = D02F44DC265C89F700A3505B /* NewsData.xcdatamodeld */; };
		D0B0B2F4267D7DC000A997DB /* NewsData.xcdatamodeld in Sources */ = {isa = PBXBuildFile; fileRef = D02F44DC265C89F700A3505B /* NewsData.xcdatamodeld */; };
		D0B0B2F6267ED1C600A997DB /* SidebarView.swift in Sources */ = {isa = PBXBuildFile; fileRef = D0B0B2F5267ED1C600A997DB /* SidebarView.swift */; };
		D0B0B2F7267ED1C600A997DB /* SidebarView.swift in Sources */ = {isa = PBXBuildFile; fileRef = D0B0B2F5267ED1C600A997DB /* SidebarView.swift */; };
		D0B0B2F9267ED1D900A997DB /* ItemsView.swift in Sources */ = {isa = PBXBuildFile; fileRef = D0B0B2F8267ED1D900A997DB /* ItemsView.swift */; };
		D0B0B2FA267ED1D900A997DB /* ItemsView.swift in Sources */ = {isa = PBXBuildFile; fileRef = D0B0B2F8267ED1D900A997DB /* ItemsView.swift */; };
		D0B0B2FC267ED1E800A997DB /* ArticleView.swift in Sources */ = {isa = PBXBuildFile; fileRef = D0B0B2FB267ED1E800A997DB /* ArticleView.swift */; };
		D0B0B2FD267ED1E800A997DB /* ArticleView.swift in Sources */ = {isa = PBXBuildFile; fileRef = D0B0B2FB267ED1E800A997DB /* ArticleView.swift */; };
		D0B0B2FF267FF86300A997DB /* FeedTreeModel.swift in Sources */ = {isa = PBXBuildFile; fileRef = D0B0B2FE267FF86300A997DB /* FeedTreeModel.swift */; };
		D0B0B300267FF86300A997DB /* FeedTreeModel.swift in Sources */ = {isa = PBXBuildFile; fileRef = D0B0B2FE267FF86300A997DB /* FeedTreeModel.swift */; };
		D0B8A809269928C3002A99A4 /* NodeView.swift in Sources */ = {isa = PBXBuildFile; fileRef = D0B8A808269928C3002A99A4 /* NodeView.swift */; };
		D0B8A80A269928C3002A99A4 /* NodeView.swift in Sources */ = {isa = PBXBuildFile; fileRef = D0B8A808269928C3002A99A4 /* NodeView.swift */; };
		D0E8C64126A24C7900BA3ABE /* FolderRenameView.swift in Sources */ = {isa = PBXBuildFile; fileRef = D0E8C64026A24C7900BA3ABE /* FolderRenameView.swift */; };
		D0E8C64226A24C7900BA3ABE /* FolderRenameView.swift in Sources */ = {isa = PBXBuildFile; fileRef = D0E8C64026A24C7900BA3ABE /* FolderRenameView.swift */; };
		D0EBDB5E269D29D10066A2AD /* WebViewManager.swift in Sources */ = {isa = PBXBuildFile; fileRef = D0EBDB5D269D29D10066A2AD /* WebViewManager.swift */; };
		D0EBDB5F269D29D10066A2AD /* WebViewManager.swift in Sources */ = {isa = PBXBuildFile; fileRef = D0EBDB5D269D29D10066A2AD /* WebViewManager.swift */; };
		D0FEBD5A268AB55600AC0618 /* Colors.xcassets in Resources */ = {isa = PBXBuildFile; fileRef = D0FEBD59268AB55600AC0618 /* Colors.xcassets */; };
		D0FEBD5B268AB55600AC0618 /* Colors.xcassets in Resources */ = {isa = PBXBuildFile; fileRef = D0FEBD59268AB55600AC0618 /* Colors.xcassets */; };
		D0FEBD5E268AB57F00AC0618 /* PBHColors.swift in Sources */ = {isa = PBXBuildFile; fileRef = D0FEBD5C268AB57F00AC0618 /* PBHColors.swift */; };
		D0FEBD5F268AB57F00AC0618 /* PBHColors.swift in Sources */ = {isa = PBXBuildFile; fileRef = D0FEBD5C268AB57F00AC0618 /* PBHColors.swift */; };
		D0FEBD60268AB57F00AC0618 /* rss.css in Resources */ = {isa = PBXBuildFile; fileRef = D0FEBD5D268AB57F00AC0618 /* rss.css */; };
		D0FEBD61268AB57F00AC0618 /* rss.css in Resources */ = {isa = PBXBuildFile; fileRef = D0FEBD5D268AB57F00AC0618 /* rss.css */; };
		D0FEBD63268AC83F00AC0618 /* ArticleImage.swift in Sources */ = {isa = PBXBuildFile; fileRef = D0FEBD62268AC83F00AC0618 /* ArticleImage.swift */; };
		D0FEBD64268AC83F00AC0618 /* ArticleImage.swift in Sources */ = {isa = PBXBuildFile; fileRef = D0FEBD62268AC83F00AC0618 /* ArticleImage.swift */; };
		D0FEBD66268AC8A000AC0618 /* ArticleWebContent.swift in Sources */ = {isa = PBXBuildFile; fileRef = D0FEBD65268AC89F00AC0618 /* ArticleWebContent.swift */; };
		D0FEBD67268AC8A000AC0618 /* ArticleWebContent.swift in Sources */ = {isa = PBXBuildFile; fileRef = D0FEBD65268AC89F00AC0618 /* ArticleWebContent.swift */; };
		D0FEBD69268BFCDB00AC0618 /* ArticleWebView.swift in Sources */ = {isa = PBXBuildFile; fileRef = D0FEBD68268BFCDB00AC0618 /* ArticleWebView.swift */; };
		D0FEBD6A268BFCDB00AC0618 /* ArticleWebView.swift in Sources */ = {isa = PBXBuildFile; fileRef = D0FEBD68268BFCDB00AC0618 /* ArticleWebView.swift */; };
		D0FEBD6C268C09D200AC0618 /* HexColor.swift in Sources */ = {isa = PBXBuildFile; fileRef = D0FEBD6B268C09D200AC0618 /* HexColor.swift */; };
		D0FEBD6D268C09D200AC0618 /* HexColor.swift in Sources */ = {isa = PBXBuildFile; fileRef = D0FEBD6B268C09D200AC0618 /* HexColor.swift */; };
		D0FEBD6F268D529600AC0618 /* ArticleSettingsView.swift in Sources */ = {isa = PBXBuildFile; fileRef = D0FEBD6E268D529600AC0618 /* ArticleSettingsView.swift */; };
		D0FEBD70268D529600AC0618 /* ArticleSettingsView.swift in Sources */ = {isa = PBXBuildFile; fileRef = D0FEBD6E268D529600AC0618 /* ArticleSettingsView.swift */; };
/* End PBXBuildFile section */

/* Begin PBXFileReference section */
		D00AFA1426937C9700BAED44 /* SettingsView.swift */ = {isa = PBXFileReference; lastKnownFileType = sourcecode.swift; path = SettingsView.swift; sourceTree = "<group>"; };
		D00AFA1526937C9700BAED44 /* LoginView.swift */ = {isa = PBXFileReference; lastKnownFileType = sourcecode.swift; path = LoginView.swift; sourceTree = "<group>"; };
		D00AFA1A269383CB00BAED44 /* OCSProtocol.swift */ = {isa = PBXFileReference; lastKnownFileType = sourcecode.swift; path = OCSProtocol.swift; sourceTree = "<group>"; };
		D00AFA1D2693872800BAED44 /* KeychainStorage.swift */ = {isa = PBXFileReference; fileEncoding = 4; lastKnownFileType = sourcecode.swift; path = KeychainStorage.swift; sourceTree = "<group>"; };
		D027487826A9D2A10000FB47 /* AddView.swift */ = {isa = PBXFileReference; lastKnownFileType = sourcecode.swift; path = AddView.swift; sourceTree = "<group>"; };
		D02F449F265C86BE00A3505B /* CloudNewsApp.swift */ = {isa = PBXFileReference; lastKnownFileType = sourcecode.swift; path = CloudNewsApp.swift; sourceTree = "<group>"; };
		D02F44A0265C86BE00A3505B /* ContentView.swift */ = {isa = PBXFileReference; lastKnownFileType = sourcecode.swift; path = ContentView.swift; sourceTree = "<group>"; };
		D02F44A2265C86BF00A3505B /* Assets.xcassets */ = {isa = PBXFileReference; lastKnownFileType = folder.assetcatalog; path = Assets.xcassets; sourceTree = "<group>"; };
		D02F44A7265C86BF00A3505B /* CloudNews.app */ = {isa = PBXFileReference; explicitFileType = wrapper.application; includeInIndex = 0; path = CloudNews.app; sourceTree = BUILT_PRODUCTS_DIR; };
		D02F44AA265C86BF00A3505B /* Info.plist */ = {isa = PBXFileReference; lastKnownFileType = text.plist.xml; path = Info.plist; sourceTree = "<group>"; };
		D02F44AF265C86BF00A3505B /* CloudNews.app */ = {isa = PBXFileReference; explicitFileType = wrapper.application; includeInIndex = 0; path = CloudNews.app; sourceTree = BUILT_PRODUCTS_DIR; };
		D02F44B1265C86BF00A3505B /* Info.plist */ = {isa = PBXFileReference; lastKnownFileType = text.plist.xml; path = Info.plist; sourceTree = "<group>"; };
		D02F44B2265C86BF00A3505B /* macOS.entitlements */ = {isa = PBXFileReference; lastKnownFileType = text.plist.entitlements; path = macOS.entitlements; sourceTree = "<group>"; };
		D02F44C5265C89F700A3505B /* NewsSessionManager.swift */ = {isa = PBXFileReference; lastKnownFileType = sourcecode.swift; path = NewsSessionManager.swift; sourceTree = "<group>"; };
		D02F44C7265C89F700A3505B /* Items.swift */ = {isa = PBXFileReference; lastKnownFileType = sourcecode.swift; path = Items.swift; sourceTree = "<group>"; };
		D02F44C8265C89F700A3505B /* Item.swift */ = {isa = PBXFileReference; lastKnownFileType = sourcecode.swift; path = Item.swift; sourceTree = "<group>"; };
		D02F44C9265C89F700A3505B /* Folder.swift */ = {isa = PBXFileReference; lastKnownFileType = sourcecode.swift; path = Folder.swift; sourceTree = "<group>"; };
		D02F44CA265C89F700A3505B /* User.swift */ = {isa = PBXFileReference; lastKnownFileType = sourcecode.swift; path = User.swift; sourceTree = "<group>"; };
		D02F44CB265C89F700A3505B /* Feeds.swift */ = {isa = PBXFileReference; lastKnownFileType = sourcecode.swift; path = Feeds.swift; sourceTree = "<group>"; };
		D02F44CC265C89F700A3505B /* Protocols.swift */ = {isa = PBXFileReference; lastKnownFileType = sourcecode.swift; path = Protocols.swift; sourceTree = "<group>"; };
		D02F44CD265C89F700A3505B /* Avatar.swift */ = {isa = PBXFileReference; lastKnownFileType = sourcecode.swift; path = Avatar.swift; sourceTree = "<group>"; };
		D02F44CE265C89F700A3505B /* Status.swift */ = {isa = PBXFileReference; lastKnownFileType = sourcecode.swift; path = Status.swift; sourceTree = "<group>"; };
		D02F44CF265C89F700A3505B /* Feed.swift */ = {isa = PBXFileReference; lastKnownFileType = sourcecode.swift; path = Feed.swift; sourceTree = "<group>"; };
		D02F44D0265C89F700A3505B /* Folders.swift */ = {isa = PBXFileReference; lastKnownFileType = sourcecode.swift; path = Folders.swift; sourceTree = "<group>"; };
		D02F44D2265C89F700A3505B /* NewsRouter.swift */ = {isa = PBXFileReference; lastKnownFileType = sourcecode.swift; path = NewsRouter.swift; sourceTree = "<group>"; };
		D02F44D3265C89F700A3505B /* NotificationNames.swift */ = {isa = PBXFileReference; lastKnownFileType = sourcecode.swift; path = NotificationNames.swift; sourceTree = "<group>"; };
		D02F44D4265C89F700A3505B /* SyncHelper.swift */ = {isa = PBXFileReference; lastKnownFileType = sourcecode.swift; path = SyncHelper.swift; sourceTree = "<group>"; };
		D02F44D7265C89F700A3505B /* CoreDataExtension.swift */ = {isa = PBXFileReference; lastKnownFileType = sourcecode.swift; path = CoreDataExtension.swift; sourceTree = "<group>"; };
		D02F44D8265C89F700A3505B /* CDItem+CoreDataClass.swift */ = {isa = PBXFileReference; lastKnownFileType = sourcecode.swift; path = "CDItem+CoreDataClass.swift"; sourceTree = "<group>"; };
		D02F44D9265C89F700A3505B /* CDFeed+CoreDataClass.swift */ = {isa = PBXFileReference; lastKnownFileType = sourcecode.swift; path = "CDFeed+CoreDataClass.swift"; sourceTree = "<group>"; };
		D02F44DA265C89F700A3505B /* CDStarred+CoreDataClass.swift */ = {isa = PBXFileReference; lastKnownFileType = sourcecode.swift; path = "CDStarred+CoreDataClass.swift"; sourceTree = "<group>"; };
		D02F44DB265C89F700A3505B /* NewsData.swift */ = {isa = PBXFileReference; lastKnownFileType = sourcecode.swift; path = NewsData.swift; sourceTree = "<group>"; };
		D02F44DD265C89F700A3505B /* NewsData.xcdatamodel */ = {isa = PBXFileReference; lastKnownFileType = wrapper.xcdatamodel; path = NewsData.xcdatamodel; sourceTree = "<group>"; };
		D02F44DE265C89F700A3505B /* CDFeeds+CoreDataClass.swift */ = {isa = PBXFileReference; lastKnownFileType = sourcecode.swift; path = "CDFeeds+CoreDataClass.swift"; sourceTree = "<group>"; };
		D02F44DF265C89F700A3505B /* CDFeeds+CoreDataProperties.swift */ = {isa = PBXFileReference; lastKnownFileType = sourcecode.swift; path = "CDFeeds+CoreDataProperties.swift"; sourceTree = "<group>"; };
		D02F44E0265C89F700A3505B /* CDStarred+CoreDataProperties.swift */ = {isa = PBXFileReference; lastKnownFileType = sourcecode.swift; path = "CDStarred+CoreDataProperties.swift"; sourceTree = "<group>"; };
		D02F44E1265C89F700A3505B /* CDUnread+CoreDataProperties.swift */ = {isa = PBXFileReference; lastKnownFileType = sourcecode.swift; path = "CDUnread+CoreDataProperties.swift"; sourceTree = "<group>"; };
		D02F44E2265C89F700A3505B /* CDFolder+CoreDataProperties.swift */ = {isa = PBXFileReference; lastKnownFileType = sourcecode.swift; path = "CDFolder+CoreDataProperties.swift"; sourceTree = "<group>"; };
		D02F44E3265C89F700A3505B /* CDUnread+CoreDataClass.swift */ = {isa = PBXFileReference; lastKnownFileType = sourcecode.swift; path = "CDUnread+CoreDataClass.swift"; sourceTree = "<group>"; };
		D02F44E4265C89F700A3505B /* CDUnstarred+CoreDataProperties.swift */ = {isa = PBXFileReference; lastKnownFileType = sourcecode.swift; path = "CDUnstarred+CoreDataProperties.swift"; sourceTree = "<group>"; };
		D02F44E5265C89F700A3505B /* CDFeed+CoreDataProperties.swift */ = {isa = PBXFileReference; lastKnownFileType = sourcecode.swift; path = "CDFeed+CoreDataProperties.swift"; sourceTree = "<group>"; };
		D02F44E6265C89F700A3505B /* CDItem+CoreDataProperties.swift */ = {isa = PBXFileReference; lastKnownFileType = sourcecode.swift; path = "CDItem+CoreDataProperties.swift"; sourceTree = "<group>"; };
		D02F44E7265C89F700A3505B /* CDRead+CoreDataProperties.swift */ = {isa = PBXFileReference; lastKnownFileType = sourcecode.swift; path = "CDRead+CoreDataProperties.swift"; sourceTree = "<group>"; };
		D02F44E8265C89F700A3505B /* CDFolder+CoreDataClass.swift */ = {isa = PBXFileReference; lastKnownFileType = sourcecode.swift; path = "CDFolder+CoreDataClass.swift"; sourceTree = "<group>"; };
		D02F44E9265C89F700A3505B /* CDUnstarred+CoreDataClass.swift */ = {isa = PBXFileReference; lastKnownFileType = sourcecode.swift; path = "CDUnstarred+CoreDataClass.swift"; sourceTree = "<group>"; };
		D02F44EA265C89F700A3505B /* CDRead+CoreDataClass.swift */ = {isa = PBXFileReference; lastKnownFileType = sourcecode.swift; path = "CDRead+CoreDataClass.swift"; sourceTree = "<group>"; };
		D02F44EB265C89F700A3505B /* FeedTreeNode.swift */ = {isa = PBXFileReference; lastKnownFileType = sourcecode.swift; path = FeedTreeNode.swift; sourceTree = "<group>"; };
		D02FA073269E2E7600A77875 /* FeedSettingsView.swift */ = {isa = PBXFileReference; lastKnownFileType = sourcecode.swift; path = FeedSettingsView.swift; sourceTree = "<group>"; };
		D045A15F26C5F6D4002E553F /* LoginWebView.swift */ = {isa = PBXFileReference; fileEncoding = 4; lastKnownFileType = sourcecode.swift; path = LoginWebView.swift; sourceTree = "<group>"; };
		D04A495A26FE9181003FD659 /* Throttler.swift */ = {isa = PBXFileReference; fileEncoding = 4; lastKnownFileType = sourcecode.swift; path = Throttler.swift; sourceTree = "<group>"; };
		D064CAED26E6D0E80053C11F /* Utilities.swift */ = {isa = PBXFileReference; lastKnownFileType = sourcecode.swift; path = Utilities.swift; sourceTree = "<group>"; };
		D0698978268569BF005AA05B /* ItemListItemView.swift */ = {isa = PBXFileReference; fileEncoding = 4; lastKnownFileType = sourcecode.swift; path = ItemListItemView.swift; sourceTree = "<group>"; };
		D07A043626E2F61F00178EEE /* UserDefault.swift */ = {isa = PBXFileReference; fileEncoding = 4; lastKnownFileType = sourcecode.swift; path = UserDefault.swift; sourceTree = "<group>"; };
		D07A043926E58B5B00178EEE /* ArticlesPageView.swift */ = {isa = PBXFileReference; lastKnownFileType = sourcecode.swift; path = ArticlesPageView.swift; sourceTree = "<group>"; };
		D081F84E26CB478B00511B60 /* ActivityView.swift */ = {isa = PBXFileReference; lastKnownFileType = sourcecode.swift; path = ActivityView.swift; sourceTree = "<group>"; };
		D081F85126CB483E00511B60 /* SafariActivity.swift */ = {isa = PBXFileReference; fileEncoding = 4; lastKnownFileType = sourcecode.swift; path = SafariActivity.swift; sourceTree = "<group>"; };
		D081F85426CB489300511B60 /* SharingProvider.swift */ = {isa = PBXFileReference; fileEncoding = 4; lastKnownFileType = sourcecode.swift; path = SharingProvider.swift; sourceTree = "<group>"; };
		D0B0B2F0267C2B0500A997DB /* StorageKeys.swift */ = {isa = PBXFileReference; lastKnownFileType = sourcecode.swift; path = StorageKeys.swift; sourceTree = "<group>"; };
		D0B0B2F5267ED1C600A997DB /* SidebarView.swift */ = {isa = PBXFileReference; lastKnownFileType = sourcecode.swift; path = SidebarView.swift; sourceTree = "<group>"; };
		D0B0B2F8267ED1D900A997DB /* ItemsView.swift */ = {isa = PBXFileReference; lastKnownFileType = sourcecode.swift; path = ItemsView.swift; sourceTree = "<group>"; };
		D0B0B2FB267ED1E800A997DB /* ArticleView.swift */ = {isa = PBXFileReference; lastKnownFileType = sourcecode.swift; path = ArticleView.swift; sourceTree = "<group>"; };
		D0B0B2FE267FF86300A997DB /* FeedTreeModel.swift */ = {isa = PBXFileReference; lastKnownFileType = sourcecode.swift; path = FeedTreeModel.swift; sourceTree = "<group>"; };
		D0B8A808269928C3002A99A4 /* NodeView.swift */ = {isa = PBXFileReference; lastKnownFileType = sourcecode.swift; path = NodeView.swift; sourceTree = "<group>"; };
		D0E8C64026A24C7900BA3ABE /* FolderRenameView.swift */ = {isa = PBXFileReference; lastKnownFileType = sourcecode.swift; path = FolderRenameView.swift; sourceTree = "<group>"; };
		D0EBDB5D269D29D10066A2AD /* WebViewManager.swift */ = {isa = PBXFileReference; lastKnownFileType = sourcecode.swift; path = WebViewManager.swift; sourceTree = "<group>"; };
		D0FEBD59268AB55600AC0618 /* Colors.xcassets */ = {isa = PBXFileReference; lastKnownFileType = folder.assetcatalog; path = Colors.xcassets; sourceTree = "<group>"; };
		D0FEBD5C268AB57F00AC0618 /* PBHColors.swift */ = {isa = PBXFileReference; fileEncoding = 4; lastKnownFileType = sourcecode.swift; path = PBHColors.swift; sourceTree = "<group>"; };
		D0FEBD5D268AB57F00AC0618 /* rss.css */ = {isa = PBXFileReference; fileEncoding = 4; lastKnownFileType = text.css; path = rss.css; sourceTree = "<group>"; };
		D0FEBD62268AC83F00AC0618 /* ArticleImage.swift */ = {isa = PBXFileReference; fileEncoding = 4; lastKnownFileType = sourcecode.swift; path = ArticleImage.swift; sourceTree = "<group>"; };
		D0FEBD65268AC89F00AC0618 /* ArticleWebContent.swift */ = {isa = PBXFileReference; fileEncoding = 4; lastKnownFileType = sourcecode.swift; path = ArticleWebContent.swift; sourceTree = "<group>"; };
		D0FEBD68268BFCDB00AC0618 /* ArticleWebView.swift */ = {isa = PBXFileReference; lastKnownFileType = sourcecode.swift; path = ArticleWebView.swift; sourceTree = "<group>"; };
		D0FEBD6B268C09D200AC0618 /* HexColor.swift */ = {isa = PBXFileReference; lastKnownFileType = sourcecode.swift; path = HexColor.swift; sourceTree = "<group>"; };
		D0FEBD6E268D529600AC0618 /* ArticleSettingsView.swift */ = {isa = PBXFileReference; lastKnownFileType = sourcecode.swift; path = ArticleSettingsView.swift; sourceTree = "<group>"; };
/* End PBXFileReference section */

/* Begin PBXFrameworksBuildPhase section */
		D02F44A4265C86BF00A3505B /* Frameworks */ = {
			isa = PBXFrameworksBuildPhase;
			buildActionMask = 2147483647;
			files = (
				D0955E1426DC40DE00D5560E /* URLImageStore in Frameworks */,
				D02F44FF265C8BFD00A3505B /* KeychainAccess in Frameworks */,
				D02F4502265C8C1900A3505B /* SwiftSoup in Frameworks */,
				D0955E1226DC40DE00D5560E /* URLImage in Frameworks */,
				D0AFBC4526B041C500A75C05 /* CustomModalView in Frameworks */,
			);
			runOnlyForDeploymentPostprocessing = 0;
		};
		D02F44AC265C86BF00A3505B /* Frameworks */ = {
			isa = PBXFrameworksBuildPhase;
			buildActionMask = 2147483647;
			files = (
				D02F450A265C8C5500A3505B /* KeychainAccess in Frameworks */,
				D02F450C265C8C5500A3505B /* SwiftSoup in Frameworks */,
			);
			runOnlyForDeploymentPostprocessing = 0;
		};
/* End PBXFrameworksBuildPhase section */

/* Begin PBXGroup section */
		D02F4497265C86BE00A3505B = {
			isa = PBXGroup;
			children = (
				D02F449C265C86BE00A3505B /* Shared */,
				D02F44A9265C86BF00A3505B /* iOS */,
				D02F44B0265C86BF00A3505B /* macOS */,
				D02F44A8265C86BF00A3505B /* Products */,
				D02F4506265C8C5500A3505B /* Frameworks */,
			);
			sourceTree = "<group>";
		};
		D02F449C265C86BE00A3505B /* Shared */ = {
			isa = PBXGroup;
			children = (
				D02F44D6265C89F700A3505B /* CoreData */,
				D02F44C6265C89F700A3505B /* Models */,
				D0B0B2EF267C2A4D00A997DB /* Networking */,
				D02F44EB265C89F700A3505B /* FeedTreeNode.swift */,
				D0B0B2FE267FF86300A997DB /* FeedTreeModel.swift */,
				D0B0B2F0267C2B0500A997DB /* StorageKeys.swift */,
				D00AFA1D2693872800BAED44 /* KeychainStorage.swift */,
				D07A043626E2F61F00178EEE /* UserDefault.swift */,
				D02F44D3265C89F700A3505B /* NotificationNames.swift */,
				D02F44D4265C89F700A3505B /* SyncHelper.swift */,
				D02F449F265C86BE00A3505B /* CloudNewsApp.swift */,
				D02F44A0265C86BE00A3505B /* ContentView.swift */,
				D0B0B2F5267ED1C600A997DB /* SidebarView.swift */,
				D0B8A808269928C3002A99A4 /* NodeView.swift */,
				D027487826A9D2A10000FB47 /* AddView.swift */,
				D0B0B2F8267ED1D900A997DB /* ItemsView.swift */,
				D0698978268569BF005AA05B /* ItemListItemView.swift */,
				D0FEBD65268AC89F00AC0618 /* ArticleWebContent.swift */,
				D0FEBD62268AC83F00AC0618 /* ArticleImage.swift */,
				D0B0B2FB267ED1E800A997DB /* ArticleView.swift */,
				D07A043926E58B5B00178EEE /* ArticlesPageView.swift */,
				D0FEBD68268BFCDB00AC0618 /* ArticleWebView.swift */,
				D02FA073269E2E7600A77875 /* FeedSettingsView.swift */,
				D0E8C64026A24C7900BA3ABE /* FolderRenameView.swift */,
				D0EBDB5D269D29D10066A2AD /* WebViewManager.swift */,
				D0FEBD6E268D529600AC0618 /* ArticleSettingsView.swift */,
				D081F84E26CB478B00511B60 /* ActivityView.swift */,
				D081F85126CB483E00511B60 /* SafariActivity.swift */,
				D081F85426CB489300511B60 /* SharingProvider.swift */,
				D00AFA1526937C9700BAED44 /* LoginView.swift */,
				D045A15F26C5F6D4002E553F /* LoginWebView.swift */,
				D00AFA1426937C9700BAED44 /* SettingsView.swift */,
				D0FEBD5C268AB57F00AC0618 /* PBHColors.swift */,
				D0FEBD6B268C09D200AC0618 /* HexColor.swift */,
				D064CAED26E6D0E80053C11F /* Utilities.swift */,
				D04A495A26FE9181003FD659 /* Throttler.swift */,
				D0FEBD5D268AB57F00AC0618 /* rss.css */,
				D02F44A2265C86BF00A3505B /* Assets.xcassets */,
				D0FEBD59268AB55600AC0618 /* Colors.xcassets */,
			);
			path = Shared;
			sourceTree = "<group>";
		};
		D02F44A8265C86BF00A3505B /* Products */ = {
			isa = PBXGroup;
			children = (
				D02F44A7265C86BF00A3505B /* CloudNews.app */,
				D02F44AF265C86BF00A3505B /* CloudNews.app */,
			);
			name = Products;
			sourceTree = "<group>";
		};
		D02F44A9265C86BF00A3505B /* iOS */ = {
			isa = PBXGroup;
			children = (
				D02F44AA265C86BF00A3505B /* Info.plist */,
			);
			path = iOS;
			sourceTree = "<group>";
		};
		D02F44B0265C86BF00A3505B /* macOS */ = {
			isa = PBXGroup;
			children = (
				D02F44B1265C86BF00A3505B /* Info.plist */,
				D02F44B2265C86BF00A3505B /* macOS.entitlements */,
			);
			path = macOS;
			sourceTree = "<group>";
		};
		D02F44C6265C89F700A3505B /* Models */ = {
			isa = PBXGroup;
			children = (
				D00AFA1A269383CB00BAED44 /* OCSProtocol.swift */,
				D02F44C7265C89F700A3505B /* Items.swift */,
				D02F44C8265C89F700A3505B /* Item.swift */,
				D02F44C9265C89F700A3505B /* Folder.swift */,
				D02F44CA265C89F700A3505B /* User.swift */,
				D02F44CB265C89F700A3505B /* Feeds.swift */,
				D02F44CC265C89F700A3505B /* Protocols.swift */,
				D02F44CD265C89F700A3505B /* Avatar.swift */,
				D02F44CE265C89F700A3505B /* Status.swift */,
				D02F44CF265C89F700A3505B /* Feed.swift */,
				D02F44D0265C89F700A3505B /* Folders.swift */,
			);
			path = Models;
			sourceTree = "<group>";
		};
		D02F44D6265C89F700A3505B /* CoreData */ = {
			isa = PBXGroup;
			children = (
				D02F44DB265C89F700A3505B /* NewsData.swift */,
				D02F44DC265C89F700A3505B /* NewsData.xcdatamodeld */,
				D02F44D7265C89F700A3505B /* CoreDataExtension.swift */,
				D02F44DE265C89F700A3505B /* CDFeeds+CoreDataClass.swift */,
				D02F44D9265C89F700A3505B /* CDFeed+CoreDataClass.swift */,
				D02F44E8265C89F700A3505B /* CDFolder+CoreDataClass.swift */,
				D02F44D8265C89F700A3505B /* CDItem+CoreDataClass.swift */,
				D02F44E9265C89F700A3505B /* CDUnstarred+CoreDataClass.swift */,
				D02F44DA265C89F700A3505B /* CDStarred+CoreDataClass.swift */,
				D02F44EA265C89F700A3505B /* CDRead+CoreDataClass.swift */,
				D02F44E3265C89F700A3505B /* CDUnread+CoreDataClass.swift */,
				D02F44DF265C89F700A3505B /* CDFeeds+CoreDataProperties.swift */,
				D02F44E5265C89F700A3505B /* CDFeed+CoreDataProperties.swift */,
				D02F44E2265C89F700A3505B /* CDFolder+CoreDataProperties.swift */,
				D02F44E6265C89F700A3505B /* CDItem+CoreDataProperties.swift */,
				D02F44E4265C89F700A3505B /* CDUnstarred+CoreDataProperties.swift */,
				D02F44E0265C89F700A3505B /* CDStarred+CoreDataProperties.swift */,
				D02F44E1265C89F700A3505B /* CDUnread+CoreDataProperties.swift */,
				D02F44E7265C89F700A3505B /* CDRead+CoreDataProperties.swift */,
			);
			path = CoreData;
			sourceTree = "<group>";
		};
		D02F4506265C8C5500A3505B /* Frameworks */ = {
			isa = PBXGroup;
			children = (
			);
			name = Frameworks;
			sourceTree = "<group>";
		};
		D0B0B2EF267C2A4D00A997DB /* Networking */ = {
			isa = PBXGroup;
			children = (
				D02F44D2265C89F700A3505B /* NewsRouter.swift */,
				D02F44C5265C89F700A3505B /* NewsSessionManager.swift */,
			);
			path = Networking;
			sourceTree = "<group>";
		};
/* End PBXGroup section */

/* Begin PBXNativeTarget section */
		D02F44A6265C86BF00A3505B /* CloudNews (iOS) */ = {
			isa = PBXNativeTarget;
			buildConfigurationList = D02F44BF265C86BF00A3505B /* Build configuration list for PBXNativeTarget "CloudNews (iOS)" */;
			buildPhases = (
				D02F44A3265C86BF00A3505B /* Sources */,
				D02F44A4265C86BF00A3505B /* Frameworks */,
				D02F44A5265C86BF00A3505B /* Resources */,
			);
			buildRules = (
			);
			dependencies = (
			);
			name = "CloudNews (iOS)";
			packageProductDependencies = (
				D02F44FE265C8BFD00A3505B /* KeychainAccess */,
				D02F4501265C8C1900A3505B /* SwiftSoup */,
				D0AFBC4426B041C500A75C05 /* CustomModalView */,
				D0955E1126DC40DE00D5560E /* URLImage */,
				D0955E1326DC40DE00D5560E /* URLImageStore */,
			);
			productName = "CloudNews (iOS)";
			productReference = D02F44A7265C86BF00A3505B /* CloudNews.app */;
			productType = "com.apple.product-type.application";
		};
		D02F44AE265C86BF00A3505B /* CloudNews (macOS) */ = {
			isa = PBXNativeTarget;
			buildConfigurationList = D02F44C2265C86BF00A3505B /* Build configuration list for PBXNativeTarget "CloudNews (macOS)" */;
			buildPhases = (
				D02F44AB265C86BF00A3505B /* Sources */,
				D02F44AC265C86BF00A3505B /* Frameworks */,
				D02F44AD265C86BF00A3505B /* Resources */,
			);
			buildRules = (
			);
			dependencies = (
			);
			name = "CloudNews (macOS)";
			packageProductDependencies = (
				D02F4509265C8C5500A3505B /* KeychainAccess */,
				D02F450B265C8C5500A3505B /* SwiftSoup */,
			);
			productName = "CloudNews (macOS)";
			productReference = D02F44AF265C86BF00A3505B /* CloudNews.app */;
			productType = "com.apple.product-type.application";
		};
/* End PBXNativeTarget section */

/* Begin PBXProject section */
		D02F4498265C86BE00A3505B /* Project object */ = {
			isa = PBXProject;
			attributes = {
				LastSwiftUpdateCheck = 1250;
				LastUpgradeCheck = 1300;
				TargetAttributes = {
					D02F44A6265C86BF00A3505B = {
						CreatedOnToolsVersion = 12.5;
					};
					D02F44AE265C86BF00A3505B = {
						CreatedOnToolsVersion = 12.5;
					};
				};
			};
			buildConfigurationList = D02F449B265C86BE00A3505B /* Build configuration list for PBXProject "CloudNews" */;
			compatibilityVersion = "Xcode 9.3";
			developmentRegion = en;
			hasScannedForEncodings = 0;
			knownRegions = (
				en,
				Base,
			);
			mainGroup = D02F4497265C86BE00A3505B;
			packageReferences = (
				D02F44FD265C8BFD00A3505B /* XCRemoteSwiftPackageReference "KeychainAccess" */,
				D02F4500265C8C1900A3505B /* XCRemoteSwiftPackageReference "SwiftSoup" */,
				D0AFBC4326B041C500A75C05 /* XCRemoteSwiftPackageReference "CustomModalView" */,
				D0955E1026DC40DE00D5560E /* XCRemoteSwiftPackageReference "url-image" */,
			);
			productRefGroup = D02F44A8265C86BF00A3505B /* Products */;
			projectDirPath = "";
			projectRoot = "";
			targets = (
				D02F44A6265C86BF00A3505B /* CloudNews (iOS) */,
				D02F44AE265C86BF00A3505B /* CloudNews (macOS) */,
			);
		};
/* End PBXProject section */

/* Begin PBXResourcesBuildPhase section */
		D02F44A5265C86BF00A3505B /* Resources */ = {
			isa = PBXResourcesBuildPhase;
			buildActionMask = 2147483647;
			files = (
				D0FEBD60268AB57F00AC0618 /* rss.css in Resources */,
				D02F44BB265C86BF00A3505B /* Assets.xcassets in Resources */,
				D0FEBD5A268AB55600AC0618 /* Colors.xcassets in Resources */,
			);
			runOnlyForDeploymentPostprocessing = 0;
		};
		D02F44AD265C86BF00A3505B /* Resources */ = {
			isa = PBXResourcesBuildPhase;
			buildActionMask = 2147483647;
			files = (
				D0FEBD61268AB57F00AC0618 /* rss.css in Resources */,
				D02F44BC265C86BF00A3505B /* Assets.xcassets in Resources */,
				D0FEBD5B268AB55600AC0618 /* Colors.xcassets in Resources */,
			);
			runOnlyForDeploymentPostprocessing = 0;
		};
/* End PBXResourcesBuildPhase section */

/* Begin PBXSourcesBuildPhase section */
		D02F44A3265C86BF00A3505B /* Sources */ = {
			isa = PBXSourcesBuildPhase;
			buildActionMask = 2147483647;
			files = (
				D00AFA1B269383CB00BAED44 /* OCSProtocol.swift in Sources */,
				D0FEBD69268BFCDB00AC0618 /* ArticleWebView.swift in Sources */,
				D02F44B5265C86BF00A3505B /* CloudNewsApp.swift in Sources */,
				D02F4537265C8D0800A3505B /* CDUnread+CoreDataClass.swift in Sources */,
				D0FEBD5E268AB57F00AC0618 /* PBHColors.swift in Sources */,
				D02F453B265C8D0F00A3505B /* CDFeed+CoreDataProperties.swift in Sources */,
				D02F451F265C8CCC00A3505B /* Feed.swift in Sources */,
				D02F4523265C8CD800A3505B /* CoreDataExtension.swift in Sources */,
				D0FEBD6C268C09D200AC0618 /* HexColor.swift in Sources */,
				D02F4539265C8D0C00A3505B /* CDUnstarred+CoreDataProperties.swift in Sources */,
				D02F44EF265C89F700A3505B /* NewsSessionManager.swift in Sources */,
				D0B0B2F9267ED1D900A997DB /* ItemsView.swift in Sources */,
				D02F44F7265C89F700A3505B /* NewsRouter.swift in Sources */,
				D081F85526CB489300511B60 /* SharingProvider.swift in Sources */,
				D02F450F265C8CAA00A3505B /* Items.swift in Sources */,
				D027487926A9D2A10000FB47 /* AddView.swift in Sources */,
				D02F44F1265C89F700A3505B /* SyncHelper.swift in Sources */,
				D00AFA1626937C9700BAED44 /* SettingsView.swift in Sources */,
				D02F4533265C8D0000A3505B /* CDUnread+CoreDataProperties.swift in Sources */,
				D0B0B2F6267ED1C600A997DB /* SidebarView.swift in Sources */,
				D0FEBD63268AC83F00AC0618 /* ArticleImage.swift in Sources */,
				D0EBDB5E269D29D10066A2AD /* WebViewManager.swift in Sources */,
				D02F4511265C8CAD00A3505B /* Item.swift in Sources */,
				D0B0B2FC267ED1E800A997DB /* ArticleView.swift in Sources */,
				D02F452B265C8CEB00A3505B /* NewsData.swift in Sources */,
				D0FEBD6F268D529600AC0618 /* ArticleSettingsView.swift in Sources */,
				D02F4515265C8CB500A3505B /* User.swift in Sources */,
				D02F452F265C8CF900A3505B /* CDFeeds+CoreDataProperties.swift in Sources */,
				D00AFA1E2693872800BAED44 /* KeychainStorage.swift in Sources */,
				D02F4527265C8CE200A3505B /* CDFeed+CoreDataClass.swift in Sources */,
				D02F452D265C8CF400A3505B /* CDFeeds+CoreDataClass.swift in Sources */,
				D02F4545265C8D2800A3505B /* CDRead+CoreDataClass.swift in Sources */,
				D02F453F265C8D1800A3505B /* CDRead+CoreDataProperties.swift in Sources */,
				D0E8C64126A24C7900BA3ABE /* FolderRenameView.swift in Sources */,
				D0FEBD66268AC8A000AC0618 /* ArticleWebContent.swift in Sources */,
				D02F44F3265C89F700A3505B /* NotificationNames.swift in Sources */,
				D04A495B26FE9181003FD659 /* Throttler.swift in Sources */,
				D081F85226CB483E00511B60 /* SafariActivity.swift in Sources */,
				D0B8A809269928C3002A99A4 /* NodeView.swift in Sources */,
				D064CAEE26E6D0E80053C11F /* Utilities.swift in Sources */,
				D02F4525265C8CDD00A3505B /* CDItem+CoreDataClass.swift in Sources */,
				D02F451B265C8CC400A3505B /* Avatar.swift in Sources */,
				D02F44ED265C89F700A3505B /* FeedTreeNode.swift in Sources */,
				D02F4529265C8CE700A3505B /* CDStarred+CoreDataClass.swift in Sources */,
				D07A043726E2F61F00178EEE /* UserDefault.swift in Sources */,
				D0B0B2F1267C2B0500A997DB /* StorageKeys.swift in Sources */,
				D0B0B2F3267D7DC000A997DB /* NewsData.xcdatamodeld in Sources */,
				D045A16026C5F6D4002E553F /* LoginWebView.swift in Sources */,
				D02F4517265C8CB900A3505B /* Feeds.swift in Sources */,
				D0B0B2FF267FF86300A997DB /* FeedTreeModel.swift in Sources */,
				D00AFA1826937C9700BAED44 /* LoginView.swift in Sources */,
				D07A043A26E58B5B00178EEE /* ArticlesPageView.swift in Sources */,
				D02F4521265C8CD000A3505B /* Folders.swift in Sources */,
				D02F4541265C8D1D00A3505B /* CDFolder+CoreDataClass.swift in Sources */,
				D0698979268569BF005AA05B /* ItemListItemView.swift in Sources */,
				D02F44B7265C86BF00A3505B /* ContentView.swift in Sources */,
				D02F4519265C8CBE00A3505B /* Protocols.swift in Sources */,
				D02FA074269E2E7600A77875 /* FeedSettingsView.swift in Sources */,
				D081F84F26CB478B00511B60 /* ActivityView.swift in Sources */,
				D02F4535265C8D0300A3505B /* CDFolder+CoreDataProperties.swift in Sources */,
				D02F4531265C8CFC00A3505B /* CDStarred+CoreDataProperties.swift in Sources */,
				D02F451D265C8CC800A3505B /* Status.swift in Sources */,
				D02F4543265C8D2300A3505B /* CDUnstarred+CoreDataClass.swift in Sources */,
				D02F453D265C8D1300A3505B /* CDItem+CoreDataProperties.swift in Sources */,
				D02F4513265C8CB100A3505B /* Folder.swift in Sources */,
			);
			runOnlyForDeploymentPostprocessing = 0;
		};
		D02F44AB265C86BF00A3505B /* Sources */ = {
			isa = PBXSourcesBuildPhase;
			buildActionMask = 2147483647;
			files = (
				D00AFA1C269383CB00BAED44 /* OCSProtocol.swift in Sources */,
				D0FEBD6A268BFCDB00AC0618 /* ArticleWebView.swift in Sources */,
				D02F44B6265C86BF00A3505B /* CloudNewsApp.swift in Sources */,
				D02F4538265C8D0800A3505B /* CDUnread+CoreDataClass.swift in Sources */,
				D0FEBD5F268AB57F00AC0618 /* PBHColors.swift in Sources */,
				D02F453C265C8D1000A3505B /* CDFeed+CoreDataProperties.swift in Sources */,
				D02F4520265C8CCC00A3505B /* Feed.swift in Sources */,
				D02F4524265C8CD900A3505B /* CoreDataExtension.swift in Sources */,
				D0FEBD6D268C09D200AC0618 /* HexColor.swift in Sources */,
				D02F453A265C8D0D00A3505B /* CDUnstarred+CoreDataProperties.swift in Sources */,
				D02F44EE265C89F700A3505B /* NewsSessionManager.swift in Sources */,
				D0B0B2FA267ED1D900A997DB /* ItemsView.swift in Sources */,
				D02F44F6265C89F700A3505B /* NewsRouter.swift in Sources */,
				D081F85626CB489300511B60 /* SharingProvider.swift in Sources */,
				D02F4510265C8CAA00A3505B /* Items.swift in Sources */,
				D027487A26A9D2A10000FB47 /* AddView.swift in Sources */,
				D02F44F0265C89F700A3505B /* SyncHelper.swift in Sources */,
				D00AFA1726937C9700BAED44 /* SettingsView.swift in Sources */,
				D02F4534265C8D0000A3505B /* CDUnread+CoreDataProperties.swift in Sources */,
				D0B0B2F7267ED1C600A997DB /* SidebarView.swift in Sources */,
				D0FEBD64268AC83F00AC0618 /* ArticleImage.swift in Sources */,
				D0EBDB5F269D29D10066A2AD /* WebViewManager.swift in Sources */,
				D02F4512265C8CAE00A3505B /* Item.swift in Sources */,
				D0B0B2FD267ED1E800A997DB /* ArticleView.swift in Sources */,
				D02F452C265C8CEC00A3505B /* NewsData.swift in Sources */,
				D0FEBD70268D529600AC0618 /* ArticleSettingsView.swift in Sources */,
				D02F4516265C8CB600A3505B /* User.swift in Sources */,
				D02F4530265C8CF900A3505B /* CDFeeds+CoreDataProperties.swift in Sources */,
				D00AFA1F2693872800BAED44 /* KeychainStorage.swift in Sources */,
				D02F4528265C8CE300A3505B /* CDFeed+CoreDataClass.swift in Sources */,
				D02F452E265C8CF500A3505B /* CDFeeds+CoreDataClass.swift in Sources */,
				D02F4546265C8D2900A3505B /* CDRead+CoreDataClass.swift in Sources */,
				D02F4540265C8D1900A3505B /* CDRead+CoreDataProperties.swift in Sources */,
				D0E8C64226A24C7900BA3ABE /* FolderRenameView.swift in Sources */,
				D0FEBD67268AC8A000AC0618 /* ArticleWebContent.swift in Sources */,
				D02F44F2265C89F700A3505B /* NotificationNames.swift in Sources */,
				D04A495C26FE9181003FD659 /* Throttler.swift in Sources */,
				D081F85326CB483E00511B60 /* SafariActivity.swift in Sources */,
				D0B8A80A269928C3002A99A4 /* NodeView.swift in Sources */,
				D064CAEF26E6D0E80053C11F /* Utilities.swift in Sources */,
				D02F4526265C8CDD00A3505B /* CDItem+CoreDataClass.swift in Sources */,
				D02F451C265C8CC500A3505B /* Avatar.swift in Sources */,
				D02F44EC265C89F700A3505B /* FeedTreeNode.swift in Sources */,
				D02F452A265C8CE800A3505B /* CDStarred+CoreDataClass.swift in Sources */,
				D07A043826E2F61F00178EEE /* UserDefault.swift in Sources */,
				D0B0B2F2267C2B0500A997DB /* StorageKeys.swift in Sources */,
				D0B0B2F4267D7DC000A997DB /* NewsData.xcdatamodeld in Sources */,
				D045A16126C5F6D4002E553F /* LoginWebView.swift in Sources */,
				D02F4518265C8CBA00A3505B /* Feeds.swift in Sources */,
				D0B0B300267FF86300A997DB /* FeedTreeModel.swift in Sources */,
				D00AFA1926937C9700BAED44 /* LoginView.swift in Sources */,
				D07A043B26E58B5B00178EEE /* ArticlesPageView.swift in Sources */,
				D02F4522265C8CD000A3505B /* Folders.swift in Sources */,
				D02F4542265C8D1E00A3505B /* CDFolder+CoreDataClass.swift in Sources */,
				D069897A268569BF005AA05B /* ItemListItemView.swift in Sources */,
				D02F44B8265C86BF00A3505B /* ContentView.swift in Sources */,
				D02F451A265C8CBF00A3505B /* Protocols.swift in Sources */,
				D02FA075269E2E7600A77875 /* FeedSettingsView.swift in Sources */,
				D081F85026CB478B00511B60 /* ActivityView.swift in Sources */,
				D02F4536265C8D0400A3505B /* CDFolder+CoreDataProperties.swift in Sources */,
				D02F4532265C8CFD00A3505B /* CDStarred+CoreDataProperties.swift in Sources */,
				D02F451E265C8CC800A3505B /* Status.swift in Sources */,
				D02F4544265C8D2400A3505B /* CDUnstarred+CoreDataClass.swift in Sources */,
				D02F453E265C8D1300A3505B /* CDItem+CoreDataProperties.swift in Sources */,
				D02F4514265C8CB200A3505B /* Folder.swift in Sources */,
			);
			runOnlyForDeploymentPostprocessing = 0;
		};
/* End PBXSourcesBuildPhase section */

/* Begin XCBuildConfiguration section */
		D02F44BD265C86BF00A3505B /* Debug */ = {
			isa = XCBuildConfiguration;
			buildSettings = {
				ALWAYS_SEARCH_USER_PATHS = NO;
				CLANG_ANALYZER_NONNULL = YES;
				CLANG_ANALYZER_NUMBER_OBJECT_CONVERSION = YES_AGGRESSIVE;
				CLANG_CXX_LANGUAGE_STANDARD = "gnu++14";
				CLANG_CXX_LIBRARY = "libc++";
				CLANG_ENABLE_MODULES = YES;
				CLANG_ENABLE_OBJC_ARC = YES;
				CLANG_ENABLE_OBJC_WEAK = YES;
				CLANG_WARN_BLOCK_CAPTURE_AUTORELEASING = YES;
				CLANG_WARN_BOOL_CONVERSION = YES;
				CLANG_WARN_COMMA = YES;
				CLANG_WARN_CONSTANT_CONVERSION = YES;
				CLANG_WARN_DEPRECATED_OBJC_IMPLEMENTATIONS = YES;
				CLANG_WARN_DIRECT_OBJC_ISA_USAGE = YES_ERROR;
				CLANG_WARN_DOCUMENTATION_COMMENTS = YES;
				CLANG_WARN_EMPTY_BODY = YES;
				CLANG_WARN_ENUM_CONVERSION = YES;
				CLANG_WARN_INFINITE_RECURSION = YES;
				CLANG_WARN_INT_CONVERSION = YES;
				CLANG_WARN_NON_LITERAL_NULL_CONVERSION = YES;
				CLANG_WARN_OBJC_IMPLICIT_RETAIN_SELF = YES;
				CLANG_WARN_OBJC_LITERAL_CONVERSION = YES;
				CLANG_WARN_OBJC_ROOT_CLASS = YES_ERROR;
				CLANG_WARN_QUOTED_INCLUDE_IN_FRAMEWORK_HEADER = YES;
				CLANG_WARN_RANGE_LOOP_ANALYSIS = YES;
				CLANG_WARN_STRICT_PROTOTYPES = YES;
				CLANG_WARN_SUSPICIOUS_MOVE = YES;
				CLANG_WARN_UNGUARDED_AVAILABILITY = YES_AGGRESSIVE;
				CLANG_WARN_UNREACHABLE_CODE = YES;
				CLANG_WARN__DUPLICATE_METHOD_MATCH = YES;
				COPY_PHASE_STRIP = NO;
				DEBUG_INFORMATION_FORMAT = dwarf;
				ENABLE_STRICT_OBJC_MSGSEND = YES;
				ENABLE_TESTABILITY = YES;
				GCC_C_LANGUAGE_STANDARD = gnu11;
				GCC_DYNAMIC_NO_PIC = NO;
				GCC_NO_COMMON_BLOCKS = YES;
				GCC_OPTIMIZATION_LEVEL = 0;
				GCC_PREPROCESSOR_DEFINITIONS = (
					"DEBUG=1",
					"$(inherited)",
				);
				GCC_WARN_64_TO_32_BIT_CONVERSION = YES;
				GCC_WARN_ABOUT_RETURN_TYPE = YES_ERROR;
				GCC_WARN_UNDECLARED_SELECTOR = YES;
				GCC_WARN_UNINITIALIZED_AUTOS = YES_AGGRESSIVE;
				GCC_WARN_UNUSED_FUNCTION = YES;
				GCC_WARN_UNUSED_VARIABLE = YES;
				MTL_ENABLE_DEBUG_INFO = INCLUDE_SOURCE;
				MTL_FAST_MATH = YES;
				ONLY_ACTIVE_ARCH = YES;
				SWIFT_ACTIVE_COMPILATION_CONDITIONS = DEBUG;
				SWIFT_OPTIMIZATION_LEVEL = "-Onone";
			};
			name = Debug;
		};
		D02F44BE265C86BF00A3505B /* Release */ = {
			isa = XCBuildConfiguration;
			buildSettings = {
				ALWAYS_SEARCH_USER_PATHS = NO;
				CLANG_ANALYZER_NONNULL = YES;
				CLANG_ANALYZER_NUMBER_OBJECT_CONVERSION = YES_AGGRESSIVE;
				CLANG_CXX_LANGUAGE_STANDARD = "gnu++14";
				CLANG_CXX_LIBRARY = "libc++";
				CLANG_ENABLE_MODULES = YES;
				CLANG_ENABLE_OBJC_ARC = YES;
				CLANG_ENABLE_OBJC_WEAK = YES;
				CLANG_WARN_BLOCK_CAPTURE_AUTORELEASING = YES;
				CLANG_WARN_BOOL_CONVERSION = YES;
				CLANG_WARN_COMMA = YES;
				CLANG_WARN_CONSTANT_CONVERSION = YES;
				CLANG_WARN_DEPRECATED_OBJC_IMPLEMENTATIONS = YES;
				CLANG_WARN_DIRECT_OBJC_ISA_USAGE = YES_ERROR;
				CLANG_WARN_DOCUMENTATION_COMMENTS = YES;
				CLANG_WARN_EMPTY_BODY = YES;
				CLANG_WARN_ENUM_CONVERSION = YES;
				CLANG_WARN_INFINITE_RECURSION = YES;
				CLANG_WARN_INT_CONVERSION = YES;
				CLANG_WARN_NON_LITERAL_NULL_CONVERSION = YES;
				CLANG_WARN_OBJC_IMPLICIT_RETAIN_SELF = YES;
				CLANG_WARN_OBJC_LITERAL_CONVERSION = YES;
				CLANG_WARN_OBJC_ROOT_CLASS = YES_ERROR;
				CLANG_WARN_QUOTED_INCLUDE_IN_FRAMEWORK_HEADER = YES;
				CLANG_WARN_RANGE_LOOP_ANALYSIS = YES;
				CLANG_WARN_STRICT_PROTOTYPES = YES;
				CLANG_WARN_SUSPICIOUS_MOVE = YES;
				CLANG_WARN_UNGUARDED_AVAILABILITY = YES_AGGRESSIVE;
				CLANG_WARN_UNREACHABLE_CODE = YES;
				CLANG_WARN__DUPLICATE_METHOD_MATCH = YES;
				COPY_PHASE_STRIP = NO;
				DEBUG_INFORMATION_FORMAT = "dwarf-with-dsym";
				ENABLE_NS_ASSERTIONS = NO;
				ENABLE_STRICT_OBJC_MSGSEND = YES;
				GCC_C_LANGUAGE_STANDARD = gnu11;
				GCC_NO_COMMON_BLOCKS = YES;
				GCC_WARN_64_TO_32_BIT_CONVERSION = YES;
				GCC_WARN_ABOUT_RETURN_TYPE = YES_ERROR;
				GCC_WARN_UNDECLARED_SELECTOR = YES;
				GCC_WARN_UNINITIALIZED_AUTOS = YES_AGGRESSIVE;
				GCC_WARN_UNUSED_FUNCTION = YES;
				GCC_WARN_UNUSED_VARIABLE = YES;
				MTL_ENABLE_DEBUG_INFO = NO;
				MTL_FAST_MATH = YES;
				SWIFT_COMPILATION_MODE = wholemodule;
				SWIFT_OPTIMIZATION_LEVEL = "-O";
			};
			name = Release;
		};
		D02F44C0265C86BF00A3505B /* Debug */ = {
			isa = XCBuildConfiguration;
			buildSettings = {
				ASSETCATALOG_COMPILER_APPICON_NAME = AppIcon;
				ASSETCATALOG_COMPILER_GLOBAL_ACCENT_COLOR_NAME = AccentColor;
				CODE_SIGN_STYLE = Automatic;
				DEVELOPMENT_TEAM = 73AQJ77PZ5;
				ENABLE_PREVIEWS = YES;
				INFOPLIST_FILE = iOS/Info.plist;
				IPHONEOS_DEPLOYMENT_TARGET = 15.0;
				LD_RUNPATH_SEARCH_PATHS = (
					"$(inherited)",
					"@executable_path/Frameworks",
				);
				PRODUCT_BUNDLE_IDENTIFIER = dev.hedlund.CloudNews;
				PRODUCT_NAME = CloudNews;
				SDKROOT = iphoneos;
				SWIFT_VERSION = 5.0;
				TARGETED_DEVICE_FAMILY = "1,2";
			};
			name = Debug;
		};
		D02F44C1265C86BF00A3505B /* Release */ = {
			isa = XCBuildConfiguration;
			buildSettings = {
				ASSETCATALOG_COMPILER_APPICON_NAME = AppIcon;
				ASSETCATALOG_COMPILER_GLOBAL_ACCENT_COLOR_NAME = AccentColor;
				CODE_SIGN_STYLE = Automatic;
				DEVELOPMENT_TEAM = 73AQJ77PZ5;
				ENABLE_PREVIEWS = YES;
				INFOPLIST_FILE = iOS/Info.plist;
				IPHONEOS_DEPLOYMENT_TARGET = 15.0;
				LD_RUNPATH_SEARCH_PATHS = (
					"$(inherited)",
					"@executable_path/Frameworks",
				);
				PRODUCT_BUNDLE_IDENTIFIER = dev.hedlund.CloudNews;
				PRODUCT_NAME = CloudNews;
				SDKROOT = iphoneos;
				SWIFT_VERSION = 5.0;
				TARGETED_DEVICE_FAMILY = "1,2";
				VALIDATE_PRODUCT = YES;
			};
			name = Release;
		};
		D02F44C3265C86BF00A3505B /* Debug */ = {
			isa = XCBuildConfiguration;
			buildSettings = {
				ASSETCATALOG_COMPILER_APPICON_NAME = AppIcon;
				ASSETCATALOG_COMPILER_GLOBAL_ACCENT_COLOR_NAME = AccentColor;
				CODE_SIGN_ENTITLEMENTS = macOS/macOS.entitlements;
				CODE_SIGN_IDENTITY = "-";
				CODE_SIGN_STYLE = Automatic;
				COMBINE_HIDPI_IMAGES = YES;
				DEVELOPMENT_TEAM = 73AQJ77PZ5;
				ENABLE_HARDENED_RUNTIME = YES;
				ENABLE_PREVIEWS = YES;
				INFOPLIST_FILE = macOS/Info.plist;
				LD_RUNPATH_SEARCH_PATHS = (
					"$(inherited)",
					"@executable_path/../Frameworks",
				);
				MACOSX_DEPLOYMENT_TARGET = 12.0;
				PRODUCT_BUNDLE_IDENTIFIER = dev.hedlund.CloudNews;
				PRODUCT_NAME = CloudNews;
				SDKROOT = macosx;
				SWIFT_VERSION = 5.0;
			};
			name = Debug;
		};
		D02F44C4265C86BF00A3505B /* Release */ = {
			isa = XCBuildConfiguration;
			buildSettings = {
				ASSETCATALOG_COMPILER_APPICON_NAME = AppIcon;
				ASSETCATALOG_COMPILER_GLOBAL_ACCENT_COLOR_NAME = AccentColor;
				CODE_SIGN_ENTITLEMENTS = macOS/macOS.entitlements;
				CODE_SIGN_IDENTITY = "-";
				CODE_SIGN_STYLE = Automatic;
				COMBINE_HIDPI_IMAGES = YES;
				DEVELOPMENT_TEAM = 73AQJ77PZ5;
				ENABLE_HARDENED_RUNTIME = YES;
				ENABLE_PREVIEWS = YES;
				INFOPLIST_FILE = macOS/Info.plist;
				LD_RUNPATH_SEARCH_PATHS = (
					"$(inherited)",
					"@executable_path/../Frameworks",
				);
				MACOSX_DEPLOYMENT_TARGET = 12.0;
				PRODUCT_BUNDLE_IDENTIFIER = dev.hedlund.CloudNews;
				PRODUCT_NAME = CloudNews;
				SDKROOT = macosx;
				SWIFT_VERSION = 5.0;
			};
			name = Release;
		};
/* End XCBuildConfiguration section */

/* Begin XCConfigurationList section */
		D02F449B265C86BE00A3505B /* Build configuration list for PBXProject "CloudNews" */ = {
			isa = XCConfigurationList;
			buildConfigurations = (
				D02F44BD265C86BF00A3505B /* Debug */,
				D02F44BE265C86BF00A3505B /* Release */,
			);
			defaultConfigurationIsVisible = 0;
			defaultConfigurationName = Release;
		};
		D02F44BF265C86BF00A3505B /* Build configuration list for PBXNativeTarget "CloudNews (iOS)" */ = {
			isa = XCConfigurationList;
			buildConfigurations = (
				D02F44C0265C86BF00A3505B /* Debug */,
				D02F44C1265C86BF00A3505B /* Release */,
			);
			defaultConfigurationIsVisible = 0;
			defaultConfigurationName = Release;
		};
		D02F44C2265C86BF00A3505B /* Build configuration list for PBXNativeTarget "CloudNews (macOS)" */ = {
			isa = XCConfigurationList;
			buildConfigurations = (
				D02F44C3265C86BF00A3505B /* Debug */,
				D02F44C4265C86BF00A3505B /* Release */,
			);
			defaultConfigurationIsVisible = 0;
			defaultConfigurationName = Release;
		};
/* End XCConfigurationList section */

/* Begin XCRemoteSwiftPackageReference section */
		D02F44FD265C8BFD00A3505B /* XCRemoteSwiftPackageReference "KeychainAccess" */ = {
			isa = XCRemoteSwiftPackageReference;
			repositoryURL = "https://github.com/kishikawakatsumi/KeychainAccess";
			requirement = {
				kind = upToNextMajorVersion;
				minimumVersion = 4.2.2;
			};
		};
		D02F4500265C8C1900A3505B /* XCRemoteSwiftPackageReference "SwiftSoup" */ = {
			isa = XCRemoteSwiftPackageReference;
			repositoryURL = "https://github.com/scinfu/SwiftSoup";
			requirement = {
				kind = upToNextMajorVersion;
				minimumVersion = 2.3.2;
			};
		};
		D0955E1026DC40DE00D5560E /* XCRemoteSwiftPackageReference "url-image" */ = {
			isa = XCRemoteSwiftPackageReference;
			repositoryURL = "https://github.com/dmytro-anokhin/url-image";
			requirement = {
				kind = upToNextMajorVersion;
				minimumVersion = 3.0.0;
			};
		};
		D0AFBC4326B041C500A75C05 /* XCRemoteSwiftPackageReference "CustomModalView" */ = {
			isa = XCRemoteSwiftPackageReference;
			repositoryURL = "https://github.com/jankaltoun/CustomModalView";
			requirement = {
				kind = upToNextMajorVersion;
				minimumVersion = 1.0.0;
			};
		};
/* End XCRemoteSwiftPackageReference section */

/* Begin XCSwiftPackageProductDependency section */
		D02F44FE265C8BFD00A3505B /* KeychainAccess */ = {
			isa = XCSwiftPackageProductDependency;
			package = D02F44FD265C8BFD00A3505B /* XCRemoteSwiftPackageReference "KeychainAccess" */;
			productName = KeychainAccess;
		};
		D02F4501265C8C1900A3505B /* SwiftSoup */ = {
			isa = XCSwiftPackageProductDependency;
			package = D02F4500265C8C1900A3505B /* XCRemoteSwiftPackageReference "SwiftSoup" */;
			productName = SwiftSoup;
		};
		D02F4509265C8C5500A3505B /* KeychainAccess */ = {
			isa = XCSwiftPackageProductDependency;
			package = D02F44FD265C8BFD00A3505B /* XCRemoteSwiftPackageReference "KeychainAccess" */;
			productName = KeychainAccess;
		};
		D02F450B265C8C5500A3505B /* SwiftSoup */ = {
			isa = XCSwiftPackageProductDependency;
			package = D02F4500265C8C1900A3505B /* XCRemoteSwiftPackageReference "SwiftSoup" */;
			productName = SwiftSoup;
		};
		D0955E1126DC40DE00D5560E /* URLImage */ = {
			isa = XCSwiftPackageProductDependency;
			package = D0955E1026DC40DE00D5560E /* XCRemoteSwiftPackageReference "url-image" */;
			productName = URLImage;
		};
		D0955E1326DC40DE00D5560E /* URLImageStore */ = {
			isa = XCSwiftPackageProductDependency;
			package = D0955E1026DC40DE00D5560E /* XCRemoteSwiftPackageReference "url-image" */;
			productName = URLImageStore;
		};
		D0AFBC4426B041C500A75C05 /* CustomModalView */ = {
			isa = XCSwiftPackageProductDependency;
			package = D0AFBC4326B041C500A75C05 /* XCRemoteSwiftPackageReference "CustomModalView" */;
			productName = CustomModalView;
		};
/* End XCSwiftPackageProductDependency section */

/* Begin XCVersionGroup section */
		D02F44DC265C89F700A3505B /* NewsData.xcdatamodeld */ = {
			isa = XCVersionGroup;
			children = (
				D02F44DD265C89F700A3505B /* NewsData.xcdatamodel */,
			);
			currentVersion = D02F44DD265C89F700A3505B /* NewsData.xcdatamodel */;
			path = NewsData.xcdatamodeld;
			sourceTree = "<group>";
			versionGroupType = wrapper.xcdatamodel;
		};
/* End XCVersionGroup section */
	};
	rootObject = D02F4498265C86BE00A3505B /* Project object */;
}
