{
  "originHash" : "9058aff43194dc36f369ed310c120ee87037017c2f84f9106ebee10e0d35fff6",
  "pins" : [
    {
      "identity" : "keychainaccess",
      "kind" : "remoteSourceControl",
      "location" : "https://github.com/kishikawakatsumi/KeychainAccess",
      "state" : {
        "revision" : "84e546727d66f1adc5439debad16270d0fdd04e7",
        "version" : "4.2.2"
      }
    },
    {
      "identity" : "openssl",
      "kind" : "remoteSourceControl",
      "location" : "https://github.com/krzyzanowskim/OpenSSL",
      "state" : {
        "revision" : "623c84da314e85363236507ca38a4bde65df21c3",
        "version" : "3.3.3001"
      }
    },
    {
      "identity" : "swiftsoup",
      "kind" : "remoteSourceControl",
      "location" : "https://github.com/scinfu/SwiftSoup",
      "state" : {
        "revision" : "dee225a3da7b68d34936abc4dc8f34f2264db647",
        "version" : "2.9.6"
      }
    }
  ],
  "version" : 3
}
