{
  "originHash" : "9058aff43194dc36f369ed310c120ee87037017c2f84f9106ebee10e0d35fff6",
  "pins" : [
    {
      "identity" : "keychainaccess",
      "kind" : "remoteSourceControl",
      "location" : "https://github.com/kishikawakatsumi/KeychainAccess",
      "state" : {
        "revision" : "84e546727d66f1adc5439debad16270d0fdd04e7",
        "version" : "4.2.2"
      }
    },
    {
      "identity" : "openssl",
      "kind" : "remoteSourceControl",
      "location" : "https://github.com/krzyzanowskim/OpenSSL",
      "state" : {
        "revision" : "8cb1d641ab5ebce2cd7cf31c93baef07bed672d4",
        "version" : "1.1.2301"
      }
    },
    {
      "identity" : "swiftsoup",
      "kind" : "remoteSourceControl",
      "location" : "https://github.com/scinfu/SwiftSoup",
      "state" : {
        "revision" : "6b4930da67b462d3f200472c902dd016d37a554d",
        "version" : "2.7.7"
      }
    }
  ],
  "version" : 3
}
